
Microsoft Visual Studio Solution File, Format Version 12.00
# Visual Studio Version 16
VisualStudioVersion = 16.0.31410.357
MinimumVisualStudioVersion = 10.0.40219.1
Project("{9A19103F-16F7-4668-BE54-9A1E7A4F7556}") = "Kattis", "Kattis\Kattis.csproj", "{15D589A1-AF4C-4C7D-B4FB-7FA02034025D}"
EndProject
Project("{9A19103F-16F7-4668-BE54-9A1E7A4F7556}") = "Bijele", "Bijele\Bijele.csproj", "{9E9EB39B-70C5-4C37-AAF6-EB7FD277B0FA}"
EndProject
Project("{2150E333-8FDC-42A3-9474-1A3956D46DE8}") = "Solution Items", "Solution Items", "{5A991BBC-9579-4453-A9EB-615161C7B7C9}"
	ProjectSection(SolutionItems) = preProject
		README.md = README.md
	EndProjectSection
EndProject
Project("{9A19103F-16F7-4668-BE54-9A1E7A4F7556}") = "SolvingForCarrots", "SolvingForCarrots\SolvingForCarrots.csproj", "{791E9C27-56EA-4E29-999A-6BE2A6103F9F}"
EndProject
Project("{9A19103F-16F7-4668-BE54-9A1E7A4F7556}") = "Pet", "Pet\Pet.csproj", "{43E90607-F736-451C-91BC-7AB83D03C813}"
EndProject
Project("{9A19103F-16F7-4668-BE54-9A1E7A4F7556}") = "Tarifa", "Tarifa\Tarifa.csproj", "{3505457F-D637-4846-9136-F8B1E0298708}"
EndProject
Project("{9A19103F-16F7-4668-BE54-9A1E7A4F7556}") = "Echo Echo Echo", "Echo Echo Echo\Echo Echo Echo.csproj", "{30FFC282-E925-4960-BCB2-90645C1FB641}"
EndProject
Project("{9A19103F-16F7-4668-BE54-9A1E7A4F7556}") = "TakeTwoStones", "TakeTwoStones\TakeTwoStones.csproj", "{D2012635-CE7C-4048-A036-63DDFC7B7FE8}"
EndProject
Project("{9A19103F-16F7-4668-BE54-9A1E7A4F7556}") = "BabyNames", "BabyNames\BabyNames.csproj", "{E6D32EEE-3A4D-4A8C-86E0-D9A5FE9A1AB4}"
EndProject
Project("{9A19103F-16F7-4668-BE54-9A1E7A4F7556}") = "SpeedLimit", "SpeedLimit\SpeedLimit.csproj", "{BAB96362-6ABA-4BD0-AEBF-0AC4A0B01B45}"
EndProject
Project("{9A19103F-16F7-4668-BE54-9A1E7A4F7556}") = "Apaxiaaaaaaaaaaaans", "Apaxiaaaaaaaaaaaans\Apaxiaaaaaaaaaaaans.csproj", "{97B9F601-5F93-459D-B82C-35E2B905385C}"
EndProject
Project("{9A19103F-16F7-4668-BE54-9A1E7A4F7556}") = "Lektira", "Lektira\Lektira.csproj", "{0365E13D-70FF-45E2-B666-6D28BC0BF8D7}"
EndProject
Project("{9A19103F-16F7-4668-BE54-9A1E7A4F7556}") = "Reverse", "Reverse\Reverse.csproj", "{C7BDD1D4-8D7E-471A-BF28-A69684CEA1D3}"
EndProject
Project("{9A19103F-16F7-4668-BE54-9A1E7A4F7556}") = "SMIL", "SMIL\SMIL.csproj", "{C7044982-3E69-4F09-B833-FD2CA5F1637A}"
EndProject
Project("{9A19103F-16F7-4668-BE54-9A1E7A4F7556}") = "SodaSlurper", "SodaSlurper\SodaSlurper.csproj", "{4EBEA019-471E-4BAB-BC49-31714ACCDA6A}"
EndProject
Project("{9A19103F-16F7-4668-BE54-9A1E7A4F7556}") = "2^n-Aire", "2^n-Aire\2^n-Aire.csproj", "{14E8B1DB-8D8C-42E8-8628-6E278FFF88B7}"
EndProject
Project("{9A19103F-16F7-4668-BE54-9A1E7A4F7556}") = "Prime", "Prime\Prime.csproj", "{3561D2C2-B1AC-4B98-AD20-AD786466D9C4}"
EndProject
Project("{9A19103F-16F7-4668-BE54-9A1E7A4F7556}") = "LongestDistinctSequence", "LongestDistinctSequence\LongestDistinctSequence.csproj", "{D6E99CEE-5417-4085-9E15-3970A9D5BC3F}"
EndProject
Project("{9A19103F-16F7-4668-BE54-9A1E7A4F7556}") = "abc", "abc\abc.csproj", "{9838DA0E-33CE-447F-925F-F8F8793FC130}"
EndProject
Project("{9A19103F-16F7-4668-BE54-9A1E7A4F7556}") = "MissingNumbers", "MissingNumbers\MissingNumbers.csproj", "{85189D3A-9874-4370-96BA-F4D5DF157198}"
EndProject
Project("{9A19103F-16F7-4668-BE54-9A1E7A4F7556}") = "RoamingRomans", "RoamingRomans\RoamingRomans.csproj", "{50993936-84D9-425E-B771-0E5070BD00F2}"
EndProject
Project("{9A19103F-16F7-4668-BE54-9A1E7A4F7556}") = "Vauvau", "Vauvau\Vauvau.csproj", "{96813639-D4FD-4A68-ADAE-8E3370CFF06D}"
EndProject
Project("{9A19103F-16F7-4668-BE54-9A1E7A4F7556}") = "Planetaris", "Planetaris\Planetaris.csproj", "{331AC695-3498-4196-8392-EECEAFA97D0E}"
EndProject
Project("{9A19103F-16F7-4668-BE54-9A1E7A4F7556}") = "SmoothieStand", "SmoothieStand\SmoothieStand.csproj", "{83581E2A-DB7C-45F8-9F4F-EC4E8FCFD169}"
EndProject
Project("{9A19103F-16F7-4668-BE54-9A1E7A4F7556}") = "ColdputerScience", "ColdputerScience\ColdputerScience.csproj", "{0A5D829F-A662-4685-9B7B-9A6CD601E8B5}"
EndProject
Project("{9A19103F-16F7-4668-BE54-9A1E7A4F7556}") = "JumboJavelin", "JumboJavelin\JumboJavelin.csproj", "{9B6CCE63-967F-4741-8FAD-66BE809D151F}"
EndProject
Project("{9A19103F-16F7-4668-BE54-9A1E7A4F7556}") = "BasicProgramming1", "BasicProgramming1\BasicProgramming1.csproj", "{E2E2CF75-BB83-4FA5-B083-807221382F54}"
EndProject
Project("{9A19103F-16F7-4668-BE54-9A1E7A4F7556}") = "AddTwoNumbers", "AddTwoNumbers\AddTwoNumbers.csproj", "{E56A3EEE-FEC0-4245-8FCC-6A9F9B2585F3}"
EndProject
Project("{9A19103F-16F7-4668-BE54-9A1E7A4F7556}") = "AlphabetSpam", "AlphabetSpam\AlphabetSpam.csproj", "{3C82F028-383B-4780-9972-2F44A7B6D18A}"
EndProject
Project("{9A19103F-16F7-4668-BE54-9A1E7A4F7556}") = "CryptographersConundrum", "CryptographersConundrum\CryptographersConundrum.csproj", "{F60BE83A-D8BA-441F-9357-4277C0A0A81E}"
EndProject
Project("{9A19103F-16F7-4668-BE54-9A1E7A4F7556}") = "FlowLayout", "FlowLayout\FlowLayout.csproj", "{79BB3834-5E53-4C97-AC9E-ECABBB385825}"
EndProject
Project("{9A19103F-16F7-4668-BE54-9A1E7A4F7556}") = "Okviri", "Okviri\Okviri.csproj", "{F60833BA-C51B-4859-9E91-9813B5538D89}"
EndProject
Project("{9A19103F-16F7-4668-BE54-9A1E7A4F7556}") = "Peg", "Peg\Peg.csproj", "{67DAA482-EEE9-444D-8538-70B791FEFFF3}"
EndProject
Project("{9A19103F-16F7-4668-BE54-9A1E7A4F7556}") = "Oktalni", "Oktalni\Oktalni.csproj", "{1D283B3E-F3E2-4ECF-B505-DDF566BF8889}"
EndProject
Project("{9A19103F-16F7-4668-BE54-9A1E7A4F7556}") = "StringMatching", "StringMatching\StringMatching.csproj", "{2BFFA555-4C1F-47FF-8A0A-D37F72816C08}"
EndProject
Project("{9A19103F-16F7-4668-BE54-9A1E7A4F7556}") = "SafeHouses", "SafeHouses\SafeHouses.csproj", "{6774ED1B-3EB4-45DE-9DC7-C412C50796E2}"
EndProject
Project("{9A19103F-16F7-4668-BE54-9A1E7A4F7556}") = "ExplodingBatteries", "ExplodingBatteries\ExplodingBatteries.csproj", "{1CC678A9-C7DA-484D-B44D-29A1BB1193FA}"
EndProject
Project("{9A19103F-16F7-4668-BE54-9A1E7A4F7556}") = "PrimePath", "PrimePath\PrimePath.csproj", "{8E327DCF-6C45-467D-87B6-40D6B38CB94C}"
EndProject
Project("{9A19103F-16F7-4668-BE54-9A1E7A4F7556}") = "LineThemUp", "LineThemUp\LineThemUp.csproj", "{A01B0BB1-0379-44EA-A2D9-EF3D993F2CFE}"
EndProject
Project("{9A19103F-16F7-4668-BE54-9A1E7A4F7556}") = "BusLines", "BusLines\BusLines.csproj", "{9411C5E5-85F8-400F-9DB6-04D916A658EE}"
EndProject
Project("{9A19103F-16F7-4668-BE54-9A1E7A4F7556}") = "Stopwatch", "Stopwatch\Stopwatch.csproj", "{9C968AD6-0063-4B19-81E1-B0BE51EE15A1}"
EndProject
Project("{9A19103F-16F7-4668-BE54-9A1E7A4F7556}") = "CaloriesFromFat", "CaloriesFromFat\CaloriesFromFat.csproj", "{8E5D3475-8FAA-49F4-810E-3EFAA9A0DEB7}"
EndProject
Project("{9A19103F-16F7-4668-BE54-9A1E7A4F7556}") = "Heliocentric", "Heliocentric\Heliocentric.csproj", "{25BDCCDA-C2C2-403C-A4A6-3B37BDC9FAD9}"
EndProject
Project("{9A19103F-16F7-4668-BE54-9A1E7A4F7556}") = "MillionaireMadness", "MillionaireMadness\MillionaireMadness.csproj", "{D6BD82BA-E428-4023-ABDF-C886FF9B0CCD}"
EndProject
Project("{9A19103F-16F7-4668-BE54-9A1E7A4F7556}") = "RunLengthEncodingRun", "RunLengthEncodingRun\RunLengthEncodingRun.csproj", "{3E9E6BB5-4225-40A7-B399-2EA555415BA4}"
EndProject
Project("{9A19103F-16F7-4668-BE54-9A1E7A4F7556}") = "EngineeringEnglish", "EngineeringEnglish\EngineeringEnglish.csproj", "{C0A705A6-7D46-4DB3-A8A3-7248CAAD6F2D}"
EndProject
Project("{9A19103F-16F7-4668-BE54-9A1E7A4F7556}") = "CountingStars", "CountingStars\CountingStars.csproj", "{648611A0-2048-4161-A825-8B690743D5DA}"
EndProject
Project("{9A19103F-16F7-4668-BE54-9A1E7A4F7556}") = "ExactChange", "ExactChange\ExactChange.csproj", "{F2DD07E4-9E56-4FAA-B153-86A17DE57641}"
EndProject
Project("{9A19103F-16F7-4668-BE54-9A1E7A4F7556}") = "Hermits", "Hermits\Hermits.csproj", "{8FEA7231-7D37-4073-80DD-B46C5E7A9233}"
EndProject
Project("{9A19103F-16F7-4668-BE54-9A1E7A4F7556}") = "EulerianGraphs", "EulerianGraphs\EulerianGraphs.csproj", "{B8500892-7446-420C-935F-B1218B618CBD}"
EndProject
Project("{9A19103F-16F7-4668-BE54-9A1E7A4F7556}") = "ThreePowers", "ThreePowers\ThreePowers.csproj", "{80C9B5BE-BE22-43E9-BEC6-57C614C6CC15}"
EndProject
Project("{9A19103F-16F7-4668-BE54-9A1E7A4F7556}") = "ThePlank", "ThePlank\ThePlank.csproj", "{66B9189D-7F02-44EF-AC06-5DFC6465B258}"
EndProject
Project("{9A19103F-16F7-4668-BE54-9A1E7A4F7556}") = "GrazedGrains", "GrazedGrains\GrazedGrains.csproj", "{611367A2-258C-4705-B777-813F7C206DDF}"
EndProject
Project("{9A19103F-16F7-4668-BE54-9A1E7A4F7556}") = "BuildingPyramids", "BuildingPyramids\BuildingPyramids.csproj", "{D43099F6-411A-4395-A470-9EC15D329824}"
EndProject
Project("{9A19103F-16F7-4668-BE54-9A1E7A4F7556}") = "JointJogJam", "JointJogJam\JointJogJam.csproj", "{653C681F-07C8-4E7C-8FB2-55B383CC2A72}"
EndProject
Project("{9A19103F-16F7-4668-BE54-9A1E7A4F7556}") = "TriangleDrama", "TriangleDrama\TriangleDrama.csproj", "{D3343C9D-57F2-4977-8949-BD1CFC0C265F}"
EndProject
Project("{9A19103F-16F7-4668-BE54-9A1E7A4F7556}") = "RefrigeratorTransport", "RefrigeratorTransport\RefrigeratorTransport.csproj", "{045B3BF8-BB83-4A74-B26C-3A3BC8738838}"
EndProject
Project("{9A19103F-16F7-4668-BE54-9A1E7A4F7556}") = "ConquestCampaign", "ConquestCampaign\ConquestCampaign.csproj", "{11A25386-B060-48DA-946E-093F8461998A}"
EndProject
Project("{9A19103F-16F7-4668-BE54-9A1E7A4F7556}") = "2048", "2048\2048.csproj", "{65FDBA09-7058-43DF-B525-09F6F155AE39}"
EndProject
Project("{9A19103F-16F7-4668-BE54-9A1E7A4F7556}") = "Grading", "Grading\Grading.csproj", "{8B9DB36A-431B-4C84-9051-27B372F07C6A}"
EndProject
Project("{9A19103F-16F7-4668-BE54-9A1E7A4F7556}") = "Lamps", "Lamps\Lamps.csproj", "{CEAD9057-3365-4BF4-8BCF-72D8F2ABD685}"
EndProject
Project("{9A19103F-16F7-4668-BE54-9A1E7A4F7556}") = "CutInLine", "CutInLine\CutInLine.csproj", "{E1AD3532-C602-4CEC-BE97-83703C97B787}"
EndProject
Project("{9A19103F-16F7-4668-BE54-9A1E7A4F7556}") = "LargestHoarding", "LargestHoarding\LargestHoarding.csproj", "{678D281F-CFC0-4856-90B4-975AAC3197E1}"
EndProject
Project("{9A19103F-16F7-4668-BE54-9A1E7A4F7556}") = "Graduation", "Graduation\Graduation.csproj", "{035FCA5A-3448-4A4C-BF9A-F4E0D67AD293}"
EndProject
Project("{9A19103F-16F7-4668-BE54-9A1E7A4F7556}") = "HayPoints", "HayPoints\HayPoints.csproj", "{485DD6BE-BF63-47E3-8AD0-4F4714B2ACC9}"
EndProject
Project("{9A19103F-16F7-4668-BE54-9A1E7A4F7556}") = "RadioCommercials", "RadioCommercials\RadioCommercials.csproj", "{5EBC75D9-FC5C-41F5-80A4-D651BA6E751B}"
EndProject
Project("{9A19103F-16F7-4668-BE54-9A1E7A4F7556}") = "Election", "Election\Election.csproj", "{442163F2-85CA-4B96-9F69-6594C4773830}"
EndProject
Project("{FAE04EC0-301F-11D3-BF4B-00C04F79EFBC}") = "Tri", "Tri\Tri.csproj", "{93D94E50-6CF4-403F-82B7-5741AA8F9608}"
EndProject
Project("{FAE04EC0-301F-11D3-BF4B-00C04F79EFBC}") = "AnotherCandies", "AnotherCandies\AnotherCandies.csproj", "{5A1E4B97-DB6A-48EA-822F-5FAAB8ED248D}"
EndProject
Project("{FAE04EC0-301F-11D3-BF4B-00C04F79EFBC}") = "FirstOrchard", "FirstOrchard\FirstOrchard.csproj", "{1FDB5394-CA94-467E-99F0-A154D72BFB6C}"
EndProject
Global
	GlobalSection(SolutionConfigurationPlatforms) = preSolution
		Debug|Any CPU = Debug|Any CPU
		Debug|x64 = Debug|x64
		Debug|x86 = Debug|x86
		Release|Any CPU = Release|Any CPU
		Release|x64 = Release|x64
		Release|x86 = Release|x86
	EndGlobalSection
	GlobalSection(ProjectConfigurationPlatforms) = postSolution
		{15D589A1-AF4C-4C7D-B4FB-7FA02034025D}.Debug|Any CPU.ActiveCfg = Debug|Any CPU
		{15D589A1-AF4C-4C7D-B4FB-7FA02034025D}.Debug|Any CPU.Build.0 = Debug|Any CPU
		{15D589A1-AF4C-4C7D-B4FB-7FA02034025D}.Debug|x64.ActiveCfg = Debug|Any CPU
		{15D589A1-AF4C-4C7D-B4FB-7FA02034025D}.Debug|x64.Build.0 = Debug|Any CPU
		{15D589A1-AF4C-4C7D-B4FB-7FA02034025D}.Debug|x86.ActiveCfg = Debug|Any CPU
		{15D589A1-AF4C-4C7D-B4FB-7FA02034025D}.Debug|x86.Build.0 = Debug|Any CPU
		{15D589A1-AF4C-4C7D-B4FB-7FA02034025D}.Release|Any CPU.ActiveCfg = Release|Any CPU
		{15D589A1-AF4C-4C7D-B4FB-7FA02034025D}.Release|Any CPU.Build.0 = Release|Any CPU
		{15D589A1-AF4C-4C7D-B4FB-7FA02034025D}.Release|x64.ActiveCfg = Release|Any CPU
		{15D589A1-AF4C-4C7D-B4FB-7FA02034025D}.Release|x64.Build.0 = Release|Any CPU
		{15D589A1-AF4C-4C7D-B4FB-7FA02034025D}.Release|x86.ActiveCfg = Release|Any CPU
		{15D589A1-AF4C-4C7D-B4FB-7FA02034025D}.Release|x86.Build.0 = Release|Any CPU
		{9E9EB39B-70C5-4C37-AAF6-EB7FD277B0FA}.Debug|Any CPU.ActiveCfg = Debug|Any CPU
		{9E9EB39B-70C5-4C37-AAF6-EB7FD277B0FA}.Debug|Any CPU.Build.0 = Debug|Any CPU
		{9E9EB39B-70C5-4C37-AAF6-EB7FD277B0FA}.Debug|x64.ActiveCfg = Debug|Any CPU
		{9E9EB39B-70C5-4C37-AAF6-EB7FD277B0FA}.Debug|x64.Build.0 = Debug|Any CPU
		{9E9EB39B-70C5-4C37-AAF6-EB7FD277B0FA}.Debug|x86.ActiveCfg = Debug|Any CPU
		{9E9EB39B-70C5-4C37-AAF6-EB7FD277B0FA}.Debug|x86.Build.0 = Debug|Any CPU
		{9E9EB39B-70C5-4C37-AAF6-EB7FD277B0FA}.Release|Any CPU.ActiveCfg = Release|Any CPU
		{9E9EB39B-70C5-4C37-AAF6-EB7FD277B0FA}.Release|Any CPU.Build.0 = Release|Any CPU
		{9E9EB39B-70C5-4C37-AAF6-EB7FD277B0FA}.Release|x64.ActiveCfg = Release|Any CPU
		{9E9EB39B-70C5-4C37-AAF6-EB7FD277B0FA}.Release|x64.Build.0 = Release|Any CPU
		{9E9EB39B-70C5-4C37-AAF6-EB7FD277B0FA}.Release|x86.ActiveCfg = Release|Any CPU
		{9E9EB39B-70C5-4C37-AAF6-EB7FD277B0FA}.Release|x86.Build.0 = Release|Any CPU
		{791E9C27-56EA-4E29-999A-6BE2A6103F9F}.Debug|Any CPU.ActiveCfg = Debug|Any CPU
		{791E9C27-56EA-4E29-999A-6BE2A6103F9F}.Debug|Any CPU.Build.0 = Debug|Any CPU
		{791E9C27-56EA-4E29-999A-6BE2A6103F9F}.Debug|x64.ActiveCfg = Debug|Any CPU
		{791E9C27-56EA-4E29-999A-6BE2A6103F9F}.Debug|x64.Build.0 = Debug|Any CPU
		{791E9C27-56EA-4E29-999A-6BE2A6103F9F}.Debug|x86.ActiveCfg = Debug|Any CPU
		{791E9C27-56EA-4E29-999A-6BE2A6103F9F}.Debug|x86.Build.0 = Debug|Any CPU
		{791E9C27-56EA-4E29-999A-6BE2A6103F9F}.Release|Any CPU.ActiveCfg = Release|Any CPU
		{791E9C27-56EA-4E29-999A-6BE2A6103F9F}.Release|Any CPU.Build.0 = Release|Any CPU
		{791E9C27-56EA-4E29-999A-6BE2A6103F9F}.Release|x64.ActiveCfg = Release|Any CPU
		{791E9C27-56EA-4E29-999A-6BE2A6103F9F}.Release|x64.Build.0 = Release|Any CPU
		{791E9C27-56EA-4E29-999A-6BE2A6103F9F}.Release|x86.ActiveCfg = Release|Any CPU
		{791E9C27-56EA-4E29-999A-6BE2A6103F9F}.Release|x86.Build.0 = Release|Any CPU
		{43E90607-F736-451C-91BC-7AB83D03C813}.Debug|Any CPU.ActiveCfg = Debug|Any CPU
		{43E90607-F736-451C-91BC-7AB83D03C813}.Debug|Any CPU.Build.0 = Debug|Any CPU
		{43E90607-F736-451C-91BC-7AB83D03C813}.Debug|x64.ActiveCfg = Debug|Any CPU
		{43E90607-F736-451C-91BC-7AB83D03C813}.Debug|x64.Build.0 = Debug|Any CPU
		{43E90607-F736-451C-91BC-7AB83D03C813}.Debug|x86.ActiveCfg = Debug|Any CPU
		{43E90607-F736-451C-91BC-7AB83D03C813}.Debug|x86.Build.0 = Debug|Any CPU
		{43E90607-F736-451C-91BC-7AB83D03C813}.Release|Any CPU.ActiveCfg = Release|Any CPU
		{43E90607-F736-451C-91BC-7AB83D03C813}.Release|Any CPU.Build.0 = Release|Any CPU
		{43E90607-F736-451C-91BC-7AB83D03C813}.Release|x64.ActiveCfg = Release|Any CPU
		{43E90607-F736-451C-91BC-7AB83D03C813}.Release|x64.Build.0 = Release|Any CPU
		{43E90607-F736-451C-91BC-7AB83D03C813}.Release|x86.ActiveCfg = Release|Any CPU
		{43E90607-F736-451C-91BC-7AB83D03C813}.Release|x86.Build.0 = Release|Any CPU
		{3505457F-D637-4846-9136-F8B1E0298708}.Debug|Any CPU.ActiveCfg = Debug|Any CPU
		{3505457F-D637-4846-9136-F8B1E0298708}.Debug|Any CPU.Build.0 = Debug|Any CPU
		{3505457F-D637-4846-9136-F8B1E0298708}.Debug|x64.ActiveCfg = Debug|Any CPU
		{3505457F-D637-4846-9136-F8B1E0298708}.Debug|x64.Build.0 = Debug|Any CPU
		{3505457F-D637-4846-9136-F8B1E0298708}.Debug|x86.ActiveCfg = Debug|Any CPU
		{3505457F-D637-4846-9136-F8B1E0298708}.Debug|x86.Build.0 = Debug|Any CPU
		{3505457F-D637-4846-9136-F8B1E0298708}.Release|Any CPU.ActiveCfg = Release|Any CPU
		{3505457F-D637-4846-9136-F8B1E0298708}.Release|Any CPU.Build.0 = Release|Any CPU
		{3505457F-D637-4846-9136-F8B1E0298708}.Release|x64.ActiveCfg = Release|Any CPU
		{3505457F-D637-4846-9136-F8B1E0298708}.Release|x64.Build.0 = Release|Any CPU
		{3505457F-D637-4846-9136-F8B1E0298708}.Release|x86.ActiveCfg = Release|Any CPU
		{3505457F-D637-4846-9136-F8B1E0298708}.Release|x86.Build.0 = Release|Any CPU
		{30FFC282-E925-4960-BCB2-90645C1FB641}.Debug|Any CPU.ActiveCfg = Debug|Any CPU
		{30FFC282-E925-4960-BCB2-90645C1FB641}.Debug|Any CPU.Build.0 = Debug|Any CPU
		{30FFC282-E925-4960-BCB2-90645C1FB641}.Debug|x64.ActiveCfg = Debug|Any CPU
		{30FFC282-E925-4960-BCB2-90645C1FB641}.Debug|x64.Build.0 = Debug|Any CPU
		{30FFC282-E925-4960-BCB2-90645C1FB641}.Debug|x86.ActiveCfg = Debug|Any CPU
		{30FFC282-E925-4960-BCB2-90645C1FB641}.Debug|x86.Build.0 = Debug|Any CPU
		{30FFC282-E925-4960-BCB2-90645C1FB641}.Release|Any CPU.ActiveCfg = Release|Any CPU
		{30FFC282-E925-4960-BCB2-90645C1FB641}.Release|Any CPU.Build.0 = Release|Any CPU
		{30FFC282-E925-4960-BCB2-90645C1FB641}.Release|x64.ActiveCfg = Release|Any CPU
		{30FFC282-E925-4960-BCB2-90645C1FB641}.Release|x64.Build.0 = Release|Any CPU
		{30FFC282-E925-4960-BCB2-90645C1FB641}.Release|x86.ActiveCfg = Release|Any CPU
		{30FFC282-E925-4960-BCB2-90645C1FB641}.Release|x86.Build.0 = Release|Any CPU
		{D2012635-CE7C-4048-A036-63DDFC7B7FE8}.Debug|Any CPU.ActiveCfg = Debug|Any CPU
		{D2012635-CE7C-4048-A036-63DDFC7B7FE8}.Debug|Any CPU.Build.0 = Debug|Any CPU
		{D2012635-CE7C-4048-A036-63DDFC7B7FE8}.Debug|x64.ActiveCfg = Debug|Any CPU
		{D2012635-CE7C-4048-A036-63DDFC7B7FE8}.Debug|x64.Build.0 = Debug|Any CPU
		{D2012635-CE7C-4048-A036-63DDFC7B7FE8}.Debug|x86.ActiveCfg = Debug|Any CPU
		{D2012635-CE7C-4048-A036-63DDFC7B7FE8}.Debug|x86.Build.0 = Debug|Any CPU
		{D2012635-CE7C-4048-A036-63DDFC7B7FE8}.Release|Any CPU.ActiveCfg = Release|Any CPU
		{D2012635-CE7C-4048-A036-63DDFC7B7FE8}.Release|Any CPU.Build.0 = Release|Any CPU
		{D2012635-CE7C-4048-A036-63DDFC7B7FE8}.Release|x64.ActiveCfg = Release|Any CPU
		{D2012635-CE7C-4048-A036-63DDFC7B7FE8}.Release|x64.Build.0 = Release|Any CPU
		{D2012635-CE7C-4048-A036-63DDFC7B7FE8}.Release|x86.ActiveCfg = Release|Any CPU
		{D2012635-CE7C-4048-A036-63DDFC7B7FE8}.Release|x86.Build.0 = Release|Any CPU
		{E6D32EEE-3A4D-4A8C-86E0-D9A5FE9A1AB4}.Debug|Any CPU.ActiveCfg = Debug|Any CPU
		{E6D32EEE-3A4D-4A8C-86E0-D9A5FE9A1AB4}.Debug|Any CPU.Build.0 = Debug|Any CPU
		{E6D32EEE-3A4D-4A8C-86E0-D9A5FE9A1AB4}.Debug|x64.ActiveCfg = Debug|Any CPU
		{E6D32EEE-3A4D-4A8C-86E0-D9A5FE9A1AB4}.Debug|x64.Build.0 = Debug|Any CPU
		{E6D32EEE-3A4D-4A8C-86E0-D9A5FE9A1AB4}.Debug|x86.ActiveCfg = Debug|Any CPU
		{E6D32EEE-3A4D-4A8C-86E0-D9A5FE9A1AB4}.Debug|x86.Build.0 = Debug|Any CPU
		{E6D32EEE-3A4D-4A8C-86E0-D9A5FE9A1AB4}.Release|Any CPU.ActiveCfg = Release|Any CPU
		{E6D32EEE-3A4D-4A8C-86E0-D9A5FE9A1AB4}.Release|Any CPU.Build.0 = Release|Any CPU
		{E6D32EEE-3A4D-4A8C-86E0-D9A5FE9A1AB4}.Release|x64.ActiveCfg = Release|Any CPU
		{E6D32EEE-3A4D-4A8C-86E0-D9A5FE9A1AB4}.Release|x64.Build.0 = Release|Any CPU
		{E6D32EEE-3A4D-4A8C-86E0-D9A5FE9A1AB4}.Release|x86.ActiveCfg = Release|Any CPU
		{E6D32EEE-3A4D-4A8C-86E0-D9A5FE9A1AB4}.Release|x86.Build.0 = Release|Any CPU
		{BAB96362-6ABA-4BD0-AEBF-0AC4A0B01B45}.Debug|Any CPU.ActiveCfg = Debug|Any CPU
		{BAB96362-6ABA-4BD0-AEBF-0AC4A0B01B45}.Debug|Any CPU.Build.0 = Debug|Any CPU
		{BAB96362-6ABA-4BD0-AEBF-0AC4A0B01B45}.Debug|x64.ActiveCfg = Debug|Any CPU
		{BAB96362-6ABA-4BD0-AEBF-0AC4A0B01B45}.Debug|x64.Build.0 = Debug|Any CPU
		{BAB96362-6ABA-4BD0-AEBF-0AC4A0B01B45}.Debug|x86.ActiveCfg = Debug|Any CPU
		{BAB96362-6ABA-4BD0-AEBF-0AC4A0B01B45}.Debug|x86.Build.0 = Debug|Any CPU
		{BAB96362-6ABA-4BD0-AEBF-0AC4A0B01B45}.Release|Any CPU.ActiveCfg = Release|Any CPU
		{BAB96362-6ABA-4BD0-AEBF-0AC4A0B01B45}.Release|Any CPU.Build.0 = Release|Any CPU
		{BAB96362-6ABA-4BD0-AEBF-0AC4A0B01B45}.Release|x64.ActiveCfg = Release|Any CPU
		{BAB96362-6ABA-4BD0-AEBF-0AC4A0B01B45}.Release|x64.Build.0 = Release|Any CPU
		{BAB96362-6ABA-4BD0-AEBF-0AC4A0B01B45}.Release|x86.ActiveCfg = Release|Any CPU
		{BAB96362-6ABA-4BD0-AEBF-0AC4A0B01B45}.Release|x86.Build.0 = Release|Any CPU
		{97B9F601-5F93-459D-B82C-35E2B905385C}.Debug|Any CPU.ActiveCfg = Debug|Any CPU
		{97B9F601-5F93-459D-B82C-35E2B905385C}.Debug|Any CPU.Build.0 = Debug|Any CPU
		{97B9F601-5F93-459D-B82C-35E2B905385C}.Debug|x64.ActiveCfg = Debug|Any CPU
		{97B9F601-5F93-459D-B82C-35E2B905385C}.Debug|x64.Build.0 = Debug|Any CPU
		{97B9F601-5F93-459D-B82C-35E2B905385C}.Debug|x86.ActiveCfg = Debug|Any CPU
		{97B9F601-5F93-459D-B82C-35E2B905385C}.Debug|x86.Build.0 = Debug|Any CPU
		{97B9F601-5F93-459D-B82C-35E2B905385C}.Release|Any CPU.ActiveCfg = Release|Any CPU
		{97B9F601-5F93-459D-B82C-35E2B905385C}.Release|Any CPU.Build.0 = Release|Any CPU
		{97B9F601-5F93-459D-B82C-35E2B905385C}.Release|x64.ActiveCfg = Release|Any CPU
		{97B9F601-5F93-459D-B82C-35E2B905385C}.Release|x64.Build.0 = Release|Any CPU
		{97B9F601-5F93-459D-B82C-35E2B905385C}.Release|x86.ActiveCfg = Release|Any CPU
		{97B9F601-5F93-459D-B82C-35E2B905385C}.Release|x86.Build.0 = Release|Any CPU
		{0365E13D-70FF-45E2-B666-6D28BC0BF8D7}.Debug|Any CPU.ActiveCfg = Debug|Any CPU
		{0365E13D-70FF-45E2-B666-6D28BC0BF8D7}.Debug|Any CPU.Build.0 = Debug|Any CPU
		{0365E13D-70FF-45E2-B666-6D28BC0BF8D7}.Debug|x64.ActiveCfg = Debug|Any CPU
		{0365E13D-70FF-45E2-B666-6D28BC0BF8D7}.Debug|x64.Build.0 = Debug|Any CPU
		{0365E13D-70FF-45E2-B666-6D28BC0BF8D7}.Debug|x86.ActiveCfg = Debug|Any CPU
		{0365E13D-70FF-45E2-B666-6D28BC0BF8D7}.Debug|x86.Build.0 = Debug|Any CPU
		{0365E13D-70FF-45E2-B666-6D28BC0BF8D7}.Release|Any CPU.ActiveCfg = Release|Any CPU
		{0365E13D-70FF-45E2-B666-6D28BC0BF8D7}.Release|Any CPU.Build.0 = Release|Any CPU
		{0365E13D-70FF-45E2-B666-6D28BC0BF8D7}.Release|x64.ActiveCfg = Release|Any CPU
		{0365E13D-70FF-45E2-B666-6D28BC0BF8D7}.Release|x64.Build.0 = Release|Any CPU
		{0365E13D-70FF-45E2-B666-6D28BC0BF8D7}.Release|x86.ActiveCfg = Release|Any CPU
		{0365E13D-70FF-45E2-B666-6D28BC0BF8D7}.Release|x86.Build.0 = Release|Any CPU
		{C7BDD1D4-8D7E-471A-BF28-A69684CEA1D3}.Debug|Any CPU.ActiveCfg = Debug|Any CPU
		{C7BDD1D4-8D7E-471A-BF28-A69684CEA1D3}.Debug|Any CPU.Build.0 = Debug|Any CPU
		{C7BDD1D4-8D7E-471A-BF28-A69684CEA1D3}.Debug|x64.ActiveCfg = Debug|Any CPU
		{C7BDD1D4-8D7E-471A-BF28-A69684CEA1D3}.Debug|x64.Build.0 = Debug|Any CPU
		{C7BDD1D4-8D7E-471A-BF28-A69684CEA1D3}.Debug|x86.ActiveCfg = Debug|Any CPU
		{C7BDD1D4-8D7E-471A-BF28-A69684CEA1D3}.Debug|x86.Build.0 = Debug|Any CPU
		{C7BDD1D4-8D7E-471A-BF28-A69684CEA1D3}.Release|Any CPU.ActiveCfg = Release|Any CPU
		{C7BDD1D4-8D7E-471A-BF28-A69684CEA1D3}.Release|Any CPU.Build.0 = Release|Any CPU
		{C7BDD1D4-8D7E-471A-BF28-A69684CEA1D3}.Release|x64.ActiveCfg = Release|Any CPU
		{C7BDD1D4-8D7E-471A-BF28-A69684CEA1D3}.Release|x64.Build.0 = Release|Any CPU
		{C7BDD1D4-8D7E-471A-BF28-A69684CEA1D3}.Release|x86.ActiveCfg = Release|Any CPU
		{C7BDD1D4-8D7E-471A-BF28-A69684CEA1D3}.Release|x86.Build.0 = Release|Any CPU
		{C7044982-3E69-4F09-B833-FD2CA5F1637A}.Debug|Any CPU.ActiveCfg = Debug|Any CPU
		{C7044982-3E69-4F09-B833-FD2CA5F1637A}.Debug|Any CPU.Build.0 = Debug|Any CPU
		{C7044982-3E69-4F09-B833-FD2CA5F1637A}.Debug|x64.ActiveCfg = Debug|Any CPU
		{C7044982-3E69-4F09-B833-FD2CA5F1637A}.Debug|x64.Build.0 = Debug|Any CPU
		{C7044982-3E69-4F09-B833-FD2CA5F1637A}.Debug|x86.ActiveCfg = Debug|Any CPU
		{C7044982-3E69-4F09-B833-FD2CA5F1637A}.Debug|x86.Build.0 = Debug|Any CPU
		{C7044982-3E69-4F09-B833-FD2CA5F1637A}.Release|Any CPU.ActiveCfg = Release|Any CPU
		{C7044982-3E69-4F09-B833-FD2CA5F1637A}.Release|Any CPU.Build.0 = Release|Any CPU
		{C7044982-3E69-4F09-B833-FD2CA5F1637A}.Release|x64.ActiveCfg = Release|Any CPU
		{C7044982-3E69-4F09-B833-FD2CA5F1637A}.Release|x64.Build.0 = Release|Any CPU
		{C7044982-3E69-4F09-B833-FD2CA5F1637A}.Release|x86.ActiveCfg = Release|Any CPU
		{C7044982-3E69-4F09-B833-FD2CA5F1637A}.Release|x86.Build.0 = Release|Any CPU
		{4EBEA019-471E-4BAB-BC49-31714ACCDA6A}.Debug|Any CPU.ActiveCfg = Debug|Any CPU
		{4EBEA019-471E-4BAB-BC49-31714ACCDA6A}.Debug|Any CPU.Build.0 = Debug|Any CPU
		{4EBEA019-471E-4BAB-BC49-31714ACCDA6A}.Debug|x64.ActiveCfg = Debug|Any CPU
		{4EBEA019-471E-4BAB-BC49-31714ACCDA6A}.Debug|x64.Build.0 = Debug|Any CPU
		{4EBEA019-471E-4BAB-BC49-31714ACCDA6A}.Debug|x86.ActiveCfg = Debug|Any CPU
		{4EBEA019-471E-4BAB-BC49-31714ACCDA6A}.Debug|x86.Build.0 = Debug|Any CPU
		{4EBEA019-471E-4BAB-BC49-31714ACCDA6A}.Release|Any CPU.ActiveCfg = Release|Any CPU
		{4EBEA019-471E-4BAB-BC49-31714ACCDA6A}.Release|Any CPU.Build.0 = Release|Any CPU
		{4EBEA019-471E-4BAB-BC49-31714ACCDA6A}.Release|x64.ActiveCfg = Release|Any CPU
		{4EBEA019-471E-4BAB-BC49-31714ACCDA6A}.Release|x64.Build.0 = Release|Any CPU
		{4EBEA019-471E-4BAB-BC49-31714ACCDA6A}.Release|x86.ActiveCfg = Release|Any CPU
		{4EBEA019-471E-4BAB-BC49-31714ACCDA6A}.Release|x86.Build.0 = Release|Any CPU
		{14E8B1DB-8D8C-42E8-8628-6E278FFF88B7}.Debug|Any CPU.ActiveCfg = Debug|Any CPU
		{14E8B1DB-8D8C-42E8-8628-6E278FFF88B7}.Debug|Any CPU.Build.0 = Debug|Any CPU
		{14E8B1DB-8D8C-42E8-8628-6E278FFF88B7}.Debug|x64.ActiveCfg = Debug|Any CPU
		{14E8B1DB-8D8C-42E8-8628-6E278FFF88B7}.Debug|x64.Build.0 = Debug|Any CPU
		{14E8B1DB-8D8C-42E8-8628-6E278FFF88B7}.Debug|x86.ActiveCfg = Debug|Any CPU
		{14E8B1DB-8D8C-42E8-8628-6E278FFF88B7}.Debug|x86.Build.0 = Debug|Any CPU
		{14E8B1DB-8D8C-42E8-8628-6E278FFF88B7}.Release|Any CPU.ActiveCfg = Release|Any CPU
		{14E8B1DB-8D8C-42E8-8628-6E278FFF88B7}.Release|Any CPU.Build.0 = Release|Any CPU
		{14E8B1DB-8D8C-42E8-8628-6E278FFF88B7}.Release|x64.ActiveCfg = Release|Any CPU
		{14E8B1DB-8D8C-42E8-8628-6E278FFF88B7}.Release|x64.Build.0 = Release|Any CPU
		{14E8B1DB-8D8C-42E8-8628-6E278FFF88B7}.Release|x86.ActiveCfg = Release|Any CPU
		{14E8B1DB-8D8C-42E8-8628-6E278FFF88B7}.Release|x86.Build.0 = Release|Any CPU
		{3561D2C2-B1AC-4B98-AD20-AD786466D9C4}.Debug|Any CPU.ActiveCfg = Debug|Any CPU
		{3561D2C2-B1AC-4B98-AD20-AD786466D9C4}.Debug|Any CPU.Build.0 = Debug|Any CPU
		{3561D2C2-B1AC-4B98-AD20-AD786466D9C4}.Debug|x64.ActiveCfg = Debug|Any CPU
		{3561D2C2-B1AC-4B98-AD20-AD786466D9C4}.Debug|x64.Build.0 = Debug|Any CPU
		{3561D2C2-B1AC-4B98-AD20-AD786466D9C4}.Debug|x86.ActiveCfg = Debug|Any CPU
		{3561D2C2-B1AC-4B98-AD20-AD786466D9C4}.Debug|x86.Build.0 = Debug|Any CPU
		{3561D2C2-B1AC-4B98-AD20-AD786466D9C4}.Release|Any CPU.ActiveCfg = Release|Any CPU
		{3561D2C2-B1AC-4B98-AD20-AD786466D9C4}.Release|Any CPU.Build.0 = Release|Any CPU
		{3561D2C2-B1AC-4B98-AD20-AD786466D9C4}.Release|x64.ActiveCfg = Release|Any CPU
		{3561D2C2-B1AC-4B98-AD20-AD786466D9C4}.Release|x64.Build.0 = Release|Any CPU
		{3561D2C2-B1AC-4B98-AD20-AD786466D9C4}.Release|x86.ActiveCfg = Release|Any CPU
		{3561D2C2-B1AC-4B98-AD20-AD786466D9C4}.Release|x86.Build.0 = Release|Any CPU
		{D6E99CEE-5417-4085-9E15-3970A9D5BC3F}.Debug|Any CPU.ActiveCfg = Debug|Any CPU
		{D6E99CEE-5417-4085-9E15-3970A9D5BC3F}.Debug|Any CPU.Build.0 = Debug|Any CPU
		{D6E99CEE-5417-4085-9E15-3970A9D5BC3F}.Debug|x64.ActiveCfg = Debug|Any CPU
		{D6E99CEE-5417-4085-9E15-3970A9D5BC3F}.Debug|x64.Build.0 = Debug|Any CPU
		{D6E99CEE-5417-4085-9E15-3970A9D5BC3F}.Debug|x86.ActiveCfg = Debug|Any CPU
		{D6E99CEE-5417-4085-9E15-3970A9D5BC3F}.Debug|x86.Build.0 = Debug|Any CPU
		{D6E99CEE-5417-4085-9E15-3970A9D5BC3F}.Release|Any CPU.ActiveCfg = Release|Any CPU
		{D6E99CEE-5417-4085-9E15-3970A9D5BC3F}.Release|Any CPU.Build.0 = Release|Any CPU
		{D6E99CEE-5417-4085-9E15-3970A9D5BC3F}.Release|x64.ActiveCfg = Release|Any CPU
		{D6E99CEE-5417-4085-9E15-3970A9D5BC3F}.Release|x64.Build.0 = Release|Any CPU
		{D6E99CEE-5417-4085-9E15-3970A9D5BC3F}.Release|x86.ActiveCfg = Release|Any CPU
		{D6E99CEE-5417-4085-9E15-3970A9D5BC3F}.Release|x86.Build.0 = Release|Any CPU
		{9838DA0E-33CE-447F-925F-F8F8793FC130}.Debug|Any CPU.ActiveCfg = Debug|Any CPU
		{9838DA0E-33CE-447F-925F-F8F8793FC130}.Debug|Any CPU.Build.0 = Debug|Any CPU
		{9838DA0E-33CE-447F-925F-F8F8793FC130}.Debug|x64.ActiveCfg = Debug|Any CPU
		{9838DA0E-33CE-447F-925F-F8F8793FC130}.Debug|x64.Build.0 = Debug|Any CPU
		{9838DA0E-33CE-447F-925F-F8F8793FC130}.Debug|x86.ActiveCfg = Debug|Any CPU
		{9838DA0E-33CE-447F-925F-F8F8793FC130}.Debug|x86.Build.0 = Debug|Any CPU
		{9838DA0E-33CE-447F-925F-F8F8793FC130}.Release|Any CPU.ActiveCfg = Release|Any CPU
		{9838DA0E-33CE-447F-925F-F8F8793FC130}.Release|Any CPU.Build.0 = Release|Any CPU
		{9838DA0E-33CE-447F-925F-F8F8793FC130}.Release|x64.ActiveCfg = Release|Any CPU
		{9838DA0E-33CE-447F-925F-F8F8793FC130}.Release|x64.Build.0 = Release|Any CPU
		{9838DA0E-33CE-447F-925F-F8F8793FC130}.Release|x86.ActiveCfg = Release|Any CPU
		{9838DA0E-33CE-447F-925F-F8F8793FC130}.Release|x86.Build.0 = Release|Any CPU
		{85189D3A-9874-4370-96BA-F4D5DF157198}.Debug|Any CPU.ActiveCfg = Debug|Any CPU
		{85189D3A-9874-4370-96BA-F4D5DF157198}.Debug|Any CPU.Build.0 = Debug|Any CPU
		{85189D3A-9874-4370-96BA-F4D5DF157198}.Debug|x64.ActiveCfg = Debug|Any CPU
		{85189D3A-9874-4370-96BA-F4D5DF157198}.Debug|x64.Build.0 = Debug|Any CPU
		{85189D3A-9874-4370-96BA-F4D5DF157198}.Debug|x86.ActiveCfg = Debug|Any CPU
		{85189D3A-9874-4370-96BA-F4D5DF157198}.Debug|x86.Build.0 = Debug|Any CPU
		{85189D3A-9874-4370-96BA-F4D5DF157198}.Release|Any CPU.ActiveCfg = Release|Any CPU
		{85189D3A-9874-4370-96BA-F4D5DF157198}.Release|Any CPU.Build.0 = Release|Any CPU
		{85189D3A-9874-4370-96BA-F4D5DF157198}.Release|x64.ActiveCfg = Release|Any CPU
		{85189D3A-9874-4370-96BA-F4D5DF157198}.Release|x64.Build.0 = Release|Any CPU
		{85189D3A-9874-4370-96BA-F4D5DF157198}.Release|x86.ActiveCfg = Release|Any CPU
		{85189D3A-9874-4370-96BA-F4D5DF157198}.Release|x86.Build.0 = Release|Any CPU
		{50993936-84D9-425E-B771-0E5070BD00F2}.Debug|Any CPU.ActiveCfg = Debug|Any CPU
		{50993936-84D9-425E-B771-0E5070BD00F2}.Debug|Any CPU.Build.0 = Debug|Any CPU
		{50993936-84D9-425E-B771-0E5070BD00F2}.Debug|x64.ActiveCfg = Debug|Any CPU
		{50993936-84D9-425E-B771-0E5070BD00F2}.Debug|x64.Build.0 = Debug|Any CPU
		{50993936-84D9-425E-B771-0E5070BD00F2}.Debug|x86.ActiveCfg = Debug|Any CPU
		{50993936-84D9-425E-B771-0E5070BD00F2}.Debug|x86.Build.0 = Debug|Any CPU
		{50993936-84D9-425E-B771-0E5070BD00F2}.Release|Any CPU.ActiveCfg = Release|Any CPU
		{50993936-84D9-425E-B771-0E5070BD00F2}.Release|Any CPU.Build.0 = Release|Any CPU
		{50993936-84D9-425E-B771-0E5070BD00F2}.Release|x64.ActiveCfg = Release|Any CPU
		{50993936-84D9-425E-B771-0E5070BD00F2}.Release|x64.Build.0 = Release|Any CPU
		{50993936-84D9-425E-B771-0E5070BD00F2}.Release|x86.ActiveCfg = Release|Any CPU
		{50993936-84D9-425E-B771-0E5070BD00F2}.Release|x86.Build.0 = Release|Any CPU
		{96813639-D4FD-4A68-ADAE-8E3370CFF06D}.Debug|Any CPU.ActiveCfg = Debug|Any CPU
		{96813639-D4FD-4A68-ADAE-8E3370CFF06D}.Debug|Any CPU.Build.0 = Debug|Any CPU
		{96813639-D4FD-4A68-ADAE-8E3370CFF06D}.Debug|x64.ActiveCfg = Debug|Any CPU
		{96813639-D4FD-4A68-ADAE-8E3370CFF06D}.Debug|x64.Build.0 = Debug|Any CPU
		{96813639-D4FD-4A68-ADAE-8E3370CFF06D}.Debug|x86.ActiveCfg = Debug|Any CPU
		{96813639-D4FD-4A68-ADAE-8E3370CFF06D}.Debug|x86.Build.0 = Debug|Any CPU
		{96813639-D4FD-4A68-ADAE-8E3370CFF06D}.Release|Any CPU.ActiveCfg = Release|Any CPU
		{96813639-D4FD-4A68-ADAE-8E3370CFF06D}.Release|Any CPU.Build.0 = Release|Any CPU
		{96813639-D4FD-4A68-ADAE-8E3370CFF06D}.Release|x64.ActiveCfg = Release|Any CPU
		{96813639-D4FD-4A68-ADAE-8E3370CFF06D}.Release|x64.Build.0 = Release|Any CPU
		{96813639-D4FD-4A68-ADAE-8E3370CFF06D}.Release|x86.ActiveCfg = Release|Any CPU
		{96813639-D4FD-4A68-ADAE-8E3370CFF06D}.Release|x86.Build.0 = Release|Any CPU
		{331AC695-3498-4196-8392-EECEAFA97D0E}.Debug|Any CPU.ActiveCfg = Debug|Any CPU
		{331AC695-3498-4196-8392-EECEAFA97D0E}.Debug|Any CPU.Build.0 = Debug|Any CPU
		{331AC695-3498-4196-8392-EECEAFA97D0E}.Debug|x64.ActiveCfg = Debug|Any CPU
		{331AC695-3498-4196-8392-EECEAFA97D0E}.Debug|x64.Build.0 = Debug|Any CPU
		{331AC695-3498-4196-8392-EECEAFA97D0E}.Debug|x86.ActiveCfg = Debug|Any CPU
		{331AC695-3498-4196-8392-EECEAFA97D0E}.Debug|x86.Build.0 = Debug|Any CPU
		{331AC695-3498-4196-8392-EECEAFA97D0E}.Release|Any CPU.ActiveCfg = Release|Any CPU
		{331AC695-3498-4196-8392-EECEAFA97D0E}.Release|Any CPU.Build.0 = Release|Any CPU
		{331AC695-3498-4196-8392-EECEAFA97D0E}.Release|x64.ActiveCfg = Release|Any CPU
		{331AC695-3498-4196-8392-EECEAFA97D0E}.Release|x64.Build.0 = Release|Any CPU
		{331AC695-3498-4196-8392-EECEAFA97D0E}.Release|x86.ActiveCfg = Release|Any CPU
		{331AC695-3498-4196-8392-EECEAFA97D0E}.Release|x86.Build.0 = Release|Any CPU
		{83581E2A-DB7C-45F8-9F4F-EC4E8FCFD169}.Debug|Any CPU.ActiveCfg = Debug|Any CPU
		{83581E2A-DB7C-45F8-9F4F-EC4E8FCFD169}.Debug|Any CPU.Build.0 = Debug|Any CPU
		{83581E2A-DB7C-45F8-9F4F-EC4E8FCFD169}.Debug|x64.ActiveCfg = Debug|Any CPU
		{83581E2A-DB7C-45F8-9F4F-EC4E8FCFD169}.Debug|x64.Build.0 = Debug|Any CPU
		{83581E2A-DB7C-45F8-9F4F-EC4E8FCFD169}.Debug|x86.ActiveCfg = Debug|Any CPU
		{83581E2A-DB7C-45F8-9F4F-EC4E8FCFD169}.Debug|x86.Build.0 = Debug|Any CPU
		{83581E2A-DB7C-45F8-9F4F-EC4E8FCFD169}.Release|Any CPU.ActiveCfg = Release|Any CPU
		{83581E2A-DB7C-45F8-9F4F-EC4E8FCFD169}.Release|Any CPU.Build.0 = Release|Any CPU
		{83581E2A-DB7C-45F8-9F4F-EC4E8FCFD169}.Release|x64.ActiveCfg = Release|Any CPU
		{83581E2A-DB7C-45F8-9F4F-EC4E8FCFD169}.Release|x64.Build.0 = Release|Any CPU
		{83581E2A-DB7C-45F8-9F4F-EC4E8FCFD169}.Release|x86.ActiveCfg = Release|Any CPU
		{83581E2A-DB7C-45F8-9F4F-EC4E8FCFD169}.Release|x86.Build.0 = Release|Any CPU
		{0A5D829F-A662-4685-9B7B-9A6CD601E8B5}.Debug|Any CPU.ActiveCfg = Debug|Any CPU
		{0A5D829F-A662-4685-9B7B-9A6CD601E8B5}.Debug|Any CPU.Build.0 = Debug|Any CPU
		{0A5D829F-A662-4685-9B7B-9A6CD601E8B5}.Debug|x64.ActiveCfg = Debug|Any CPU
		{0A5D829F-A662-4685-9B7B-9A6CD601E8B5}.Debug|x64.Build.0 = Debug|Any CPU
		{0A5D829F-A662-4685-9B7B-9A6CD601E8B5}.Debug|x86.ActiveCfg = Debug|Any CPU
		{0A5D829F-A662-4685-9B7B-9A6CD601E8B5}.Debug|x86.Build.0 = Debug|Any CPU
		{0A5D829F-A662-4685-9B7B-9A6CD601E8B5}.Release|Any CPU.ActiveCfg = Release|Any CPU
		{0A5D829F-A662-4685-9B7B-9A6CD601E8B5}.Release|Any CPU.Build.0 = Release|Any CPU
		{0A5D829F-A662-4685-9B7B-9A6CD601E8B5}.Release|x64.ActiveCfg = Release|Any CPU
		{0A5D829F-A662-4685-9B7B-9A6CD601E8B5}.Release|x64.Build.0 = Release|Any CPU
		{0A5D829F-A662-4685-9B7B-9A6CD601E8B5}.Release|x86.ActiveCfg = Release|Any CPU
		{0A5D829F-A662-4685-9B7B-9A6CD601E8B5}.Release|x86.Build.0 = Release|Any CPU
		{9B6CCE63-967F-4741-8FAD-66BE809D151F}.Debug|Any CPU.ActiveCfg = Debug|Any CPU
		{9B6CCE63-967F-4741-8FAD-66BE809D151F}.Debug|Any CPU.Build.0 = Debug|Any CPU
		{9B6CCE63-967F-4741-8FAD-66BE809D151F}.Debug|x64.ActiveCfg = Debug|Any CPU
		{9B6CCE63-967F-4741-8FAD-66BE809D151F}.Debug|x64.Build.0 = Debug|Any CPU
		{9B6CCE63-967F-4741-8FAD-66BE809D151F}.Debug|x86.ActiveCfg = Debug|Any CPU
		{9B6CCE63-967F-4741-8FAD-66BE809D151F}.Debug|x86.Build.0 = Debug|Any CPU
		{9B6CCE63-967F-4741-8FAD-66BE809D151F}.Release|Any CPU.ActiveCfg = Release|Any CPU
		{9B6CCE63-967F-4741-8FAD-66BE809D151F}.Release|Any CPU.Build.0 = Release|Any CPU
		{9B6CCE63-967F-4741-8FAD-66BE809D151F}.Release|x64.ActiveCfg = Release|Any CPU
		{9B6CCE63-967F-4741-8FAD-66BE809D151F}.Release|x64.Build.0 = Release|Any CPU
		{9B6CCE63-967F-4741-8FAD-66BE809D151F}.Release|x86.ActiveCfg = Release|Any CPU
		{9B6CCE63-967F-4741-8FAD-66BE809D151F}.Release|x86.Build.0 = Release|Any CPU
		{E2E2CF75-BB83-4FA5-B083-807221382F54}.Debug|Any CPU.ActiveCfg = Debug|Any CPU
		{E2E2CF75-BB83-4FA5-B083-807221382F54}.Debug|Any CPU.Build.0 = Debug|Any CPU
		{E2E2CF75-BB83-4FA5-B083-807221382F54}.Debug|x64.ActiveCfg = Debug|Any CPU
		{E2E2CF75-BB83-4FA5-B083-807221382F54}.Debug|x64.Build.0 = Debug|Any CPU
		{E2E2CF75-BB83-4FA5-B083-807221382F54}.Debug|x86.ActiveCfg = Debug|Any CPU
		{E2E2CF75-BB83-4FA5-B083-807221382F54}.Debug|x86.Build.0 = Debug|Any CPU
		{E2E2CF75-BB83-4FA5-B083-807221382F54}.Release|Any CPU.ActiveCfg = Release|Any CPU
		{E2E2CF75-BB83-4FA5-B083-807221382F54}.Release|Any CPU.Build.0 = Release|Any CPU
		{E2E2CF75-BB83-4FA5-B083-807221382F54}.Release|x64.ActiveCfg = Release|Any CPU
		{E2E2CF75-BB83-4FA5-B083-807221382F54}.Release|x64.Build.0 = Release|Any CPU
		{E2E2CF75-BB83-4FA5-B083-807221382F54}.Release|x86.ActiveCfg = Release|Any CPU
		{E2E2CF75-BB83-4FA5-B083-807221382F54}.Release|x86.Build.0 = Release|Any CPU
		{E56A3EEE-FEC0-4245-8FCC-6A9F9B2585F3}.Debug|Any CPU.ActiveCfg = Debug|Any CPU
		{E56A3EEE-FEC0-4245-8FCC-6A9F9B2585F3}.Debug|Any CPU.Build.0 = Debug|Any CPU
		{E56A3EEE-FEC0-4245-8FCC-6A9F9B2585F3}.Debug|x64.ActiveCfg = Debug|Any CPU
		{E56A3EEE-FEC0-4245-8FCC-6A9F9B2585F3}.Debug|x64.Build.0 = Debug|Any CPU
		{E56A3EEE-FEC0-4245-8FCC-6A9F9B2585F3}.Debug|x86.ActiveCfg = Debug|Any CPU
		{E56A3EEE-FEC0-4245-8FCC-6A9F9B2585F3}.Debug|x86.Build.0 = Debug|Any CPU
		{E56A3EEE-FEC0-4245-8FCC-6A9F9B2585F3}.Release|Any CPU.ActiveCfg = Release|Any CPU
		{E56A3EEE-FEC0-4245-8FCC-6A9F9B2585F3}.Release|Any CPU.Build.0 = Release|Any CPU
		{E56A3EEE-FEC0-4245-8FCC-6A9F9B2585F3}.Release|x64.ActiveCfg = Release|Any CPU
		{E56A3EEE-FEC0-4245-8FCC-6A9F9B2585F3}.Release|x64.Build.0 = Release|Any CPU
		{E56A3EEE-FEC0-4245-8FCC-6A9F9B2585F3}.Release|x86.ActiveCfg = Release|Any CPU
		{E56A3EEE-FEC0-4245-8FCC-6A9F9B2585F3}.Release|x86.Build.0 = Release|Any CPU
		{3C82F028-383B-4780-9972-2F44A7B6D18A}.Debug|Any CPU.ActiveCfg = Debug|Any CPU
		{3C82F028-383B-4780-9972-2F44A7B6D18A}.Debug|Any CPU.Build.0 = Debug|Any CPU
		{3C82F028-383B-4780-9972-2F44A7B6D18A}.Debug|x64.ActiveCfg = Debug|Any CPU
		{3C82F028-383B-4780-9972-2F44A7B6D18A}.Debug|x64.Build.0 = Debug|Any CPU
		{3C82F028-383B-4780-9972-2F44A7B6D18A}.Debug|x86.ActiveCfg = Debug|Any CPU
		{3C82F028-383B-4780-9972-2F44A7B6D18A}.Debug|x86.Build.0 = Debug|Any CPU
		{3C82F028-383B-4780-9972-2F44A7B6D18A}.Release|Any CPU.ActiveCfg = Release|Any CPU
		{3C82F028-383B-4780-9972-2F44A7B6D18A}.Release|Any CPU.Build.0 = Release|Any CPU
		{3C82F028-383B-4780-9972-2F44A7B6D18A}.Release|x64.ActiveCfg = Release|Any CPU
		{3C82F028-383B-4780-9972-2F44A7B6D18A}.Release|x64.Build.0 = Release|Any CPU
		{3C82F028-383B-4780-9972-2F44A7B6D18A}.Release|x86.ActiveCfg = Release|Any CPU
		{3C82F028-383B-4780-9972-2F44A7B6D18A}.Release|x86.Build.0 = Release|Any CPU
		{F60BE83A-D8BA-441F-9357-4277C0A0A81E}.Debug|Any CPU.ActiveCfg = Debug|Any CPU
		{F60BE83A-D8BA-441F-9357-4277C0A0A81E}.Debug|Any CPU.Build.0 = Debug|Any CPU
		{F60BE83A-D8BA-441F-9357-4277C0A0A81E}.Debug|x64.ActiveCfg = Debug|Any CPU
		{F60BE83A-D8BA-441F-9357-4277C0A0A81E}.Debug|x64.Build.0 = Debug|Any CPU
		{F60BE83A-D8BA-441F-9357-4277C0A0A81E}.Debug|x86.ActiveCfg = Debug|Any CPU
		{F60BE83A-D8BA-441F-9357-4277C0A0A81E}.Debug|x86.Build.0 = Debug|Any CPU
		{F60BE83A-D8BA-441F-9357-4277C0A0A81E}.Release|Any CPU.ActiveCfg = Release|Any CPU
		{F60BE83A-D8BA-441F-9357-4277C0A0A81E}.Release|Any CPU.Build.0 = Release|Any CPU
		{F60BE83A-D8BA-441F-9357-4277C0A0A81E}.Release|x64.ActiveCfg = Release|Any CPU
		{F60BE83A-D8BA-441F-9357-4277C0A0A81E}.Release|x64.Build.0 = Release|Any CPU
		{F60BE83A-D8BA-441F-9357-4277C0A0A81E}.Release|x86.ActiveCfg = Release|Any CPU
		{F60BE83A-D8BA-441F-9357-4277C0A0A81E}.Release|x86.Build.0 = Release|Any CPU
		{79BB3834-5E53-4C97-AC9E-ECABBB385825}.Debug|Any CPU.ActiveCfg = Debug|Any CPU
		{79BB3834-5E53-4C97-AC9E-ECABBB385825}.Debug|Any CPU.Build.0 = Debug|Any CPU
		{79BB3834-5E53-4C97-AC9E-ECABBB385825}.Debug|x64.ActiveCfg = Debug|Any CPU
		{79BB3834-5E53-4C97-AC9E-ECABBB385825}.Debug|x64.Build.0 = Debug|Any CPU
		{79BB3834-5E53-4C97-AC9E-ECABBB385825}.Debug|x86.ActiveCfg = Debug|Any CPU
		{79BB3834-5E53-4C97-AC9E-ECABBB385825}.Debug|x86.Build.0 = Debug|Any CPU
		{79BB3834-5E53-4C97-AC9E-ECABBB385825}.Release|Any CPU.ActiveCfg = Release|Any CPU
		{79BB3834-5E53-4C97-AC9E-ECABBB385825}.Release|Any CPU.Build.0 = Release|Any CPU
		{79BB3834-5E53-4C97-AC9E-ECABBB385825}.Release|x64.ActiveCfg = Release|Any CPU
		{79BB3834-5E53-4C97-AC9E-ECABBB385825}.Release|x64.Build.0 = Release|Any CPU
		{79BB3834-5E53-4C97-AC9E-ECABBB385825}.Release|x86.ActiveCfg = Release|Any CPU
		{79BB3834-5E53-4C97-AC9E-ECABBB385825}.Release|x86.Build.0 = Release|Any CPU
		{F60833BA-C51B-4859-9E91-9813B5538D89}.Debug|Any CPU.ActiveCfg = Debug|Any CPU
		{F60833BA-C51B-4859-9E91-9813B5538D89}.Debug|Any CPU.Build.0 = Debug|Any CPU
		{F60833BA-C51B-4859-9E91-9813B5538D89}.Debug|x64.ActiveCfg = Debug|Any CPU
		{F60833BA-C51B-4859-9E91-9813B5538D89}.Debug|x64.Build.0 = Debug|Any CPU
		{F60833BA-C51B-4859-9E91-9813B5538D89}.Debug|x86.ActiveCfg = Debug|Any CPU
		{F60833BA-C51B-4859-9E91-9813B5538D89}.Debug|x86.Build.0 = Debug|Any CPU
		{F60833BA-C51B-4859-9E91-9813B5538D89}.Release|Any CPU.ActiveCfg = Release|Any CPU
		{F60833BA-C51B-4859-9E91-9813B5538D89}.Release|Any CPU.Build.0 = Release|Any CPU
		{F60833BA-C51B-4859-9E91-9813B5538D89}.Release|x64.ActiveCfg = Release|Any CPU
		{F60833BA-C51B-4859-9E91-9813B5538D89}.Release|x64.Build.0 = Release|Any CPU
		{F60833BA-C51B-4859-9E91-9813B5538D89}.Release|x86.ActiveCfg = Release|Any CPU
		{F60833BA-C51B-4859-9E91-9813B5538D89}.Release|x86.Build.0 = Release|Any CPU
		{67DAA482-EEE9-444D-8538-70B791FEFFF3}.Debug|Any CPU.ActiveCfg = Debug|Any CPU
		{67DAA482-EEE9-444D-8538-70B791FEFFF3}.Debug|Any CPU.Build.0 = Debug|Any CPU
		{67DAA482-EEE9-444D-8538-70B791FEFFF3}.Debug|x64.ActiveCfg = Debug|Any CPU
		{67DAA482-EEE9-444D-8538-70B791FEFFF3}.Debug|x64.Build.0 = Debug|Any CPU
		{67DAA482-EEE9-444D-8538-70B791FEFFF3}.Debug|x86.ActiveCfg = Debug|Any CPU
		{67DAA482-EEE9-444D-8538-70B791FEFFF3}.Debug|x86.Build.0 = Debug|Any CPU
		{67DAA482-EEE9-444D-8538-70B791FEFFF3}.Release|Any CPU.ActiveCfg = Release|Any CPU
		{67DAA482-EEE9-444D-8538-70B791FEFFF3}.Release|Any CPU.Build.0 = Release|Any CPU
		{67DAA482-EEE9-444D-8538-70B791FEFFF3}.Release|x64.ActiveCfg = Release|Any CPU
		{67DAA482-EEE9-444D-8538-70B791FEFFF3}.Release|x64.Build.0 = Release|Any CPU
		{67DAA482-EEE9-444D-8538-70B791FEFFF3}.Release|x86.ActiveCfg = Release|Any CPU
		{67DAA482-EEE9-444D-8538-70B791FEFFF3}.Release|x86.Build.0 = Release|Any CPU
		{1D283B3E-F3E2-4ECF-B505-DDF566BF8889}.Debug|Any CPU.ActiveCfg = Debug|Any CPU
		{1D283B3E-F3E2-4ECF-B505-DDF566BF8889}.Debug|Any CPU.Build.0 = Debug|Any CPU
		{1D283B3E-F3E2-4ECF-B505-DDF566BF8889}.Debug|x64.ActiveCfg = Debug|Any CPU
		{1D283B3E-F3E2-4ECF-B505-DDF566BF8889}.Debug|x64.Build.0 = Debug|Any CPU
		{1D283B3E-F3E2-4ECF-B505-DDF566BF8889}.Debug|x86.ActiveCfg = Debug|Any CPU
		{1D283B3E-F3E2-4ECF-B505-DDF566BF8889}.Debug|x86.Build.0 = Debug|Any CPU
		{1D283B3E-F3E2-4ECF-B505-DDF566BF8889}.Release|Any CPU.ActiveCfg = Release|Any CPU
		{1D283B3E-F3E2-4ECF-B505-DDF566BF8889}.Release|Any CPU.Build.0 = Release|Any CPU
		{1D283B3E-F3E2-4ECF-B505-DDF566BF8889}.Release|x64.ActiveCfg = Release|Any CPU
		{1D283B3E-F3E2-4ECF-B505-DDF566BF8889}.Release|x64.Build.0 = Release|Any CPU
		{1D283B3E-F3E2-4ECF-B505-DDF566BF8889}.Release|x86.ActiveCfg = Release|Any CPU
		{1D283B3E-F3E2-4ECF-B505-DDF566BF8889}.Release|x86.Build.0 = Release|Any CPU
		{2BFFA555-4C1F-47FF-8A0A-D37F72816C08}.Debug|Any CPU.ActiveCfg = Debug|Any CPU
		{2BFFA555-4C1F-47FF-8A0A-D37F72816C08}.Debug|Any CPU.Build.0 = Debug|Any CPU
		{2BFFA555-4C1F-47FF-8A0A-D37F72816C08}.Debug|x64.ActiveCfg = Debug|Any CPU
		{2BFFA555-4C1F-47FF-8A0A-D37F72816C08}.Debug|x64.Build.0 = Debug|Any CPU
		{2BFFA555-4C1F-47FF-8A0A-D37F72816C08}.Debug|x86.ActiveCfg = Debug|Any CPU
		{2BFFA555-4C1F-47FF-8A0A-D37F72816C08}.Debug|x86.Build.0 = Debug|Any CPU
		{2BFFA555-4C1F-47FF-8A0A-D37F72816C08}.Release|Any CPU.ActiveCfg = Release|Any CPU
		{2BFFA555-4C1F-47FF-8A0A-D37F72816C08}.Release|Any CPU.Build.0 = Release|Any CPU
		{2BFFA555-4C1F-47FF-8A0A-D37F72816C08}.Release|x64.ActiveCfg = Release|Any CPU
		{2BFFA555-4C1F-47FF-8A0A-D37F72816C08}.Release|x64.Build.0 = Release|Any CPU
		{2BFFA555-4C1F-47FF-8A0A-D37F72816C08}.Release|x86.ActiveCfg = Release|Any CPU
		{2BFFA555-4C1F-47FF-8A0A-D37F72816C08}.Release|x86.Build.0 = Release|Any CPU
		{6774ED1B-3EB4-45DE-9DC7-C412C50796E2}.Debug|Any CPU.ActiveCfg = Debug|Any CPU
		{6774ED1B-3EB4-45DE-9DC7-C412C50796E2}.Debug|Any CPU.Build.0 = Debug|Any CPU
		{6774ED1B-3EB4-45DE-9DC7-C412C50796E2}.Debug|x64.ActiveCfg = Debug|Any CPU
		{6774ED1B-3EB4-45DE-9DC7-C412C50796E2}.Debug|x64.Build.0 = Debug|Any CPU
		{6774ED1B-3EB4-45DE-9DC7-C412C50796E2}.Debug|x86.ActiveCfg = Debug|Any CPU
		{6774ED1B-3EB4-45DE-9DC7-C412C50796E2}.Debug|x86.Build.0 = Debug|Any CPU
		{6774ED1B-3EB4-45DE-9DC7-C412C50796E2}.Release|Any CPU.ActiveCfg = Release|Any CPU
		{6774ED1B-3EB4-45DE-9DC7-C412C50796E2}.Release|Any CPU.Build.0 = Release|Any CPU
		{6774ED1B-3EB4-45DE-9DC7-C412C50796E2}.Release|x64.ActiveCfg = Release|Any CPU
		{6774ED1B-3EB4-45DE-9DC7-C412C50796E2}.Release|x64.Build.0 = Release|Any CPU
		{6774ED1B-3EB4-45DE-9DC7-C412C50796E2}.Release|x86.ActiveCfg = Release|Any CPU
		{6774ED1B-3EB4-45DE-9DC7-C412C50796E2}.Release|x86.Build.0 = Release|Any CPU
		{1CC678A9-C7DA-484D-B44D-29A1BB1193FA}.Debug|Any CPU.ActiveCfg = Debug|Any CPU
		{1CC678A9-C7DA-484D-B44D-29A1BB1193FA}.Debug|Any CPU.Build.0 = Debug|Any CPU
		{1CC678A9-C7DA-484D-B44D-29A1BB1193FA}.Debug|x64.ActiveCfg = Debug|Any CPU
		{1CC678A9-C7DA-484D-B44D-29A1BB1193FA}.Debug|x64.Build.0 = Debug|Any CPU
		{1CC678A9-C7DA-484D-B44D-29A1BB1193FA}.Debug|x86.ActiveCfg = Debug|Any CPU
		{1CC678A9-C7DA-484D-B44D-29A1BB1193FA}.Debug|x86.Build.0 = Debug|Any CPU
		{1CC678A9-C7DA-484D-B44D-29A1BB1193FA}.Release|Any CPU.ActiveCfg = Release|Any CPU
		{1CC678A9-C7DA-484D-B44D-29A1BB1193FA}.Release|Any CPU.Build.0 = Release|Any CPU
		{1CC678A9-C7DA-484D-B44D-29A1BB1193FA}.Release|x64.ActiveCfg = Release|Any CPU
		{1CC678A9-C7DA-484D-B44D-29A1BB1193FA}.Release|x64.Build.0 = Release|Any CPU
		{1CC678A9-C7DA-484D-B44D-29A1BB1193FA}.Release|x86.ActiveCfg = Release|Any CPU
		{1CC678A9-C7DA-484D-B44D-29A1BB1193FA}.Release|x86.Build.0 = Release|Any CPU
		{8E327DCF-6C45-467D-87B6-40D6B38CB94C}.Debug|Any CPU.ActiveCfg = Debug|Any CPU
		{8E327DCF-6C45-467D-87B6-40D6B38CB94C}.Debug|Any CPU.Build.0 = Debug|Any CPU
		{8E327DCF-6C45-467D-87B6-40D6B38CB94C}.Debug|x64.ActiveCfg = Debug|Any CPU
		{8E327DCF-6C45-467D-87B6-40D6B38CB94C}.Debug|x64.Build.0 = Debug|Any CPU
		{8E327DCF-6C45-467D-87B6-40D6B38CB94C}.Debug|x86.ActiveCfg = Debug|Any CPU
		{8E327DCF-6C45-467D-87B6-40D6B38CB94C}.Debug|x86.Build.0 = Debug|Any CPU
		{8E327DCF-6C45-467D-87B6-40D6B38CB94C}.Release|Any CPU.ActiveCfg = Release|Any CPU
		{8E327DCF-6C45-467D-87B6-40D6B38CB94C}.Release|Any CPU.Build.0 = Release|Any CPU
		{8E327DCF-6C45-467D-87B6-40D6B38CB94C}.Release|x64.ActiveCfg = Release|Any CPU
		{8E327DCF-6C45-467D-87B6-40D6B38CB94C}.Release|x64.Build.0 = Release|Any CPU
		{8E327DCF-6C45-467D-87B6-40D6B38CB94C}.Release|x86.ActiveCfg = Release|Any CPU
		{8E327DCF-6C45-467D-87B6-40D6B38CB94C}.Release|x86.Build.0 = Release|Any CPU
		{A01B0BB1-0379-44EA-A2D9-EF3D993F2CFE}.Debug|Any CPU.ActiveCfg = Debug|Any CPU
		{A01B0BB1-0379-44EA-A2D9-EF3D993F2CFE}.Debug|Any CPU.Build.0 = Debug|Any CPU
		{A01B0BB1-0379-44EA-A2D9-EF3D993F2CFE}.Debug|x64.ActiveCfg = Debug|Any CPU
		{A01B0BB1-0379-44EA-A2D9-EF3D993F2CFE}.Debug|x64.Build.0 = Debug|Any CPU
		{A01B0BB1-0379-44EA-A2D9-EF3D993F2CFE}.Debug|x86.ActiveCfg = Debug|Any CPU
		{A01B0BB1-0379-44EA-A2D9-EF3D993F2CFE}.Debug|x86.Build.0 = Debug|Any CPU
		{A01B0BB1-0379-44EA-A2D9-EF3D993F2CFE}.Release|Any CPU.ActiveCfg = Release|Any CPU
		{A01B0BB1-0379-44EA-A2D9-EF3D993F2CFE}.Release|Any CPU.Build.0 = Release|Any CPU
		{A01B0BB1-0379-44EA-A2D9-EF3D993F2CFE}.Release|x64.ActiveCfg = Release|Any CPU
		{A01B0BB1-0379-44EA-A2D9-EF3D993F2CFE}.Release|x64.Build.0 = Release|Any CPU
		{A01B0BB1-0379-44EA-A2D9-EF3D993F2CFE}.Release|x86.ActiveCfg = Release|Any CPU
		{A01B0BB1-0379-44EA-A2D9-EF3D993F2CFE}.Release|x86.Build.0 = Release|Any CPU
		{9411C5E5-85F8-400F-9DB6-04D916A658EE}.Debug|Any CPU.ActiveCfg = Debug|Any CPU
		{9411C5E5-85F8-400F-9DB6-04D916A658EE}.Debug|Any CPU.Build.0 = Debug|Any CPU
		{9411C5E5-85F8-400F-9DB6-04D916A658EE}.Debug|x64.ActiveCfg = Debug|Any CPU
		{9411C5E5-85F8-400F-9DB6-04D916A658EE}.Debug|x64.Build.0 = Debug|Any CPU
		{9411C5E5-85F8-400F-9DB6-04D916A658EE}.Debug|x86.ActiveCfg = Debug|Any CPU
		{9411C5E5-85F8-400F-9DB6-04D916A658EE}.Debug|x86.Build.0 = Debug|Any CPU
		{9411C5E5-85F8-400F-9DB6-04D916A658EE}.Release|Any CPU.ActiveCfg = Release|Any CPU
		{9411C5E5-85F8-400F-9DB6-04D916A658EE}.Release|Any CPU.Build.0 = Release|Any CPU
		{9411C5E5-85F8-400F-9DB6-04D916A658EE}.Release|x64.ActiveCfg = Release|Any CPU
		{9411C5E5-85F8-400F-9DB6-04D916A658EE}.Release|x64.Build.0 = Release|Any CPU
		{9411C5E5-85F8-400F-9DB6-04D916A658EE}.Release|x86.ActiveCfg = Release|Any CPU
		{9411C5E5-85F8-400F-9DB6-04D916A658EE}.Release|x86.Build.0 = Release|Any CPU
		{9C968AD6-0063-4B19-81E1-B0BE51EE15A1}.Debug|Any CPU.ActiveCfg = Debug|Any CPU
		{9C968AD6-0063-4B19-81E1-B0BE51EE15A1}.Debug|Any CPU.Build.0 = Debug|Any CPU
		{9C968AD6-0063-4B19-81E1-B0BE51EE15A1}.Debug|x64.ActiveCfg = Debug|Any CPU
		{9C968AD6-0063-4B19-81E1-B0BE51EE15A1}.Debug|x64.Build.0 = Debug|Any CPU
		{9C968AD6-0063-4B19-81E1-B0BE51EE15A1}.Debug|x86.ActiveCfg = Debug|Any CPU
		{9C968AD6-0063-4B19-81E1-B0BE51EE15A1}.Debug|x86.Build.0 = Debug|Any CPU
		{9C968AD6-0063-4B19-81E1-B0BE51EE15A1}.Release|Any CPU.ActiveCfg = Release|Any CPU
		{9C968AD6-0063-4B19-81E1-B0BE51EE15A1}.Release|Any CPU.Build.0 = Release|Any CPU
		{9C968AD6-0063-4B19-81E1-B0BE51EE15A1}.Release|x64.ActiveCfg = Release|Any CPU
		{9C968AD6-0063-4B19-81E1-B0BE51EE15A1}.Release|x64.Build.0 = Release|Any CPU
		{9C968AD6-0063-4B19-81E1-B0BE51EE15A1}.Release|x86.ActiveCfg = Release|Any CPU
		{9C968AD6-0063-4B19-81E1-B0BE51EE15A1}.Release|x86.Build.0 = Release|Any CPU
		{8E5D3475-8FAA-49F4-810E-3EFAA9A0DEB7}.Debug|Any CPU.ActiveCfg = Debug|Any CPU
		{8E5D3475-8FAA-49F4-810E-3EFAA9A0DEB7}.Debug|Any CPU.Build.0 = Debug|Any CPU
		{8E5D3475-8FAA-49F4-810E-3EFAA9A0DEB7}.Debug|x64.ActiveCfg = Debug|Any CPU
		{8E5D3475-8FAA-49F4-810E-3EFAA9A0DEB7}.Debug|x64.Build.0 = Debug|Any CPU
		{8E5D3475-8FAA-49F4-810E-3EFAA9A0DEB7}.Debug|x86.ActiveCfg = Debug|Any CPU
		{8E5D3475-8FAA-49F4-810E-3EFAA9A0DEB7}.Debug|x86.Build.0 = Debug|Any CPU
		{8E5D3475-8FAA-49F4-810E-3EFAA9A0DEB7}.Release|Any CPU.ActiveCfg = Release|Any CPU
		{8E5D3475-8FAA-49F4-810E-3EFAA9A0DEB7}.Release|Any CPU.Build.0 = Release|Any CPU
		{8E5D3475-8FAA-49F4-810E-3EFAA9A0DEB7}.Release|x64.ActiveCfg = Release|Any CPU
		{8E5D3475-8FAA-49F4-810E-3EFAA9A0DEB7}.Release|x64.Build.0 = Release|Any CPU
		{8E5D3475-8FAA-49F4-810E-3EFAA9A0DEB7}.Release|x86.ActiveCfg = Release|Any CPU
		{8E5D3475-8FAA-49F4-810E-3EFAA9A0DEB7}.Release|x86.Build.0 = Release|Any CPU
		{25BDCCDA-C2C2-403C-A4A6-3B37BDC9FAD9}.Debug|Any CPU.ActiveCfg = Debug|Any CPU
		{25BDCCDA-C2C2-403C-A4A6-3B37BDC9FAD9}.Debug|Any CPU.Build.0 = Debug|Any CPU
		{25BDCCDA-C2C2-403C-A4A6-3B37BDC9FAD9}.Debug|x64.ActiveCfg = Debug|Any CPU
		{25BDCCDA-C2C2-403C-A4A6-3B37BDC9FAD9}.Debug|x64.Build.0 = Debug|Any CPU
		{25BDCCDA-C2C2-403C-A4A6-3B37BDC9FAD9}.Debug|x86.ActiveCfg = Debug|Any CPU
		{25BDCCDA-C2C2-403C-A4A6-3B37BDC9FAD9}.Debug|x86.Build.0 = Debug|Any CPU
		{25BDCCDA-C2C2-403C-A4A6-3B37BDC9FAD9}.Release|Any CPU.ActiveCfg = Release|Any CPU
		{25BDCCDA-C2C2-403C-A4A6-3B37BDC9FAD9}.Release|Any CPU.Build.0 = Release|Any CPU
		{25BDCCDA-C2C2-403C-A4A6-3B37BDC9FAD9}.Release|x64.ActiveCfg = Release|Any CPU
		{25BDCCDA-C2C2-403C-A4A6-3B37BDC9FAD9}.Release|x64.Build.0 = Release|Any CPU
		{25BDCCDA-C2C2-403C-A4A6-3B37BDC9FAD9}.Release|x86.ActiveCfg = Release|Any CPU
		{25BDCCDA-C2C2-403C-A4A6-3B37BDC9FAD9}.Release|x86.Build.0 = Release|Any CPU
		{D6BD82BA-E428-4023-ABDF-C886FF9B0CCD}.Debug|Any CPU.ActiveCfg = Debug|Any CPU
		{D6BD82BA-E428-4023-ABDF-C886FF9B0CCD}.Debug|Any CPU.Build.0 = Debug|Any CPU
		{D6BD82BA-E428-4023-ABDF-C886FF9B0CCD}.Debug|x64.ActiveCfg = Debug|Any CPU
		{D6BD82BA-E428-4023-ABDF-C886FF9B0CCD}.Debug|x64.Build.0 = Debug|Any CPU
		{D6BD82BA-E428-4023-ABDF-C886FF9B0CCD}.Debug|x86.ActiveCfg = Debug|Any CPU
		{D6BD82BA-E428-4023-ABDF-C886FF9B0CCD}.Debug|x86.Build.0 = Debug|Any CPU
		{D6BD82BA-E428-4023-ABDF-C886FF9B0CCD}.Release|Any CPU.ActiveCfg = Release|Any CPU
		{D6BD82BA-E428-4023-ABDF-C886FF9B0CCD}.Release|Any CPU.Build.0 = Release|Any CPU
		{D6BD82BA-E428-4023-ABDF-C886FF9B0CCD}.Release|x64.ActiveCfg = Release|Any CPU
		{D6BD82BA-E428-4023-ABDF-C886FF9B0CCD}.Release|x64.Build.0 = Release|Any CPU
		{D6BD82BA-E428-4023-ABDF-C886FF9B0CCD}.Release|x86.ActiveCfg = Release|Any CPU
		{D6BD82BA-E428-4023-ABDF-C886FF9B0CCD}.Release|x86.Build.0 = Release|Any CPU
		{3E9E6BB5-4225-40A7-B399-2EA555415BA4}.Debug|Any CPU.ActiveCfg = Debug|Any CPU
		{3E9E6BB5-4225-40A7-B399-2EA555415BA4}.Debug|Any CPU.Build.0 = Debug|Any CPU
		{3E9E6BB5-4225-40A7-B399-2EA555415BA4}.Debug|x64.ActiveCfg = Debug|Any CPU
		{3E9E6BB5-4225-40A7-B399-2EA555415BA4}.Debug|x64.Build.0 = Debug|Any CPU
		{3E9E6BB5-4225-40A7-B399-2EA555415BA4}.Debug|x86.ActiveCfg = Debug|Any CPU
		{3E9E6BB5-4225-40A7-B399-2EA555415BA4}.Debug|x86.Build.0 = Debug|Any CPU
		{3E9E6BB5-4225-40A7-B399-2EA555415BA4}.Release|Any CPU.ActiveCfg = Release|Any CPU
		{3E9E6BB5-4225-40A7-B399-2EA555415BA4}.Release|Any CPU.Build.0 = Release|Any CPU
		{3E9E6BB5-4225-40A7-B399-2EA555415BA4}.Release|x64.ActiveCfg = Release|Any CPU
		{3E9E6BB5-4225-40A7-B399-2EA555415BA4}.Release|x64.Build.0 = Release|Any CPU
		{3E9E6BB5-4225-40A7-B399-2EA555415BA4}.Release|x86.ActiveCfg = Release|Any CPU
		{3E9E6BB5-4225-40A7-B399-2EA555415BA4}.Release|x86.Build.0 = Release|Any CPU
		{C0A705A6-7D46-4DB3-A8A3-7248CAAD6F2D}.Debug|Any CPU.ActiveCfg = Debug|Any CPU
		{C0A705A6-7D46-4DB3-A8A3-7248CAAD6F2D}.Debug|Any CPU.Build.0 = Debug|Any CPU
		{C0A705A6-7D46-4DB3-A8A3-7248CAAD6F2D}.Debug|x64.ActiveCfg = Debug|Any CPU
		{C0A705A6-7D46-4DB3-A8A3-7248CAAD6F2D}.Debug|x64.Build.0 = Debug|Any CPU
		{C0A705A6-7D46-4DB3-A8A3-7248CAAD6F2D}.Debug|x86.ActiveCfg = Debug|Any CPU
		{C0A705A6-7D46-4DB3-A8A3-7248CAAD6F2D}.Debug|x86.Build.0 = Debug|Any CPU
		{C0A705A6-7D46-4DB3-A8A3-7248CAAD6F2D}.Release|Any CPU.ActiveCfg = Release|Any CPU
		{C0A705A6-7D46-4DB3-A8A3-7248CAAD6F2D}.Release|Any CPU.Build.0 = Release|Any CPU
		{C0A705A6-7D46-4DB3-A8A3-7248CAAD6F2D}.Release|x64.ActiveCfg = Release|Any CPU
		{C0A705A6-7D46-4DB3-A8A3-7248CAAD6F2D}.Release|x64.Build.0 = Release|Any CPU
		{C0A705A6-7D46-4DB3-A8A3-7248CAAD6F2D}.Release|x86.ActiveCfg = Release|Any CPU
		{C0A705A6-7D46-4DB3-A8A3-7248CAAD6F2D}.Release|x86.Build.0 = Release|Any CPU
		{648611A0-2048-4161-A825-8B690743D5DA}.Debug|Any CPU.ActiveCfg = Debug|Any CPU
		{648611A0-2048-4161-A825-8B690743D5DA}.Debug|Any CPU.Build.0 = Debug|Any CPU
		{648611A0-2048-4161-A825-8B690743D5DA}.Debug|x64.ActiveCfg = Debug|Any CPU
		{648611A0-2048-4161-A825-8B690743D5DA}.Debug|x64.Build.0 = Debug|Any CPU
		{648611A0-2048-4161-A825-8B690743D5DA}.Debug|x86.ActiveCfg = Debug|Any CPU
		{648611A0-2048-4161-A825-8B690743D5DA}.Debug|x86.Build.0 = Debug|Any CPU
		{648611A0-2048-4161-A825-8B690743D5DA}.Release|Any CPU.ActiveCfg = Release|Any CPU
		{648611A0-2048-4161-A825-8B690743D5DA}.Release|Any CPU.Build.0 = Release|Any CPU
		{648611A0-2048-4161-A825-8B690743D5DA}.Release|x64.ActiveCfg = Release|Any CPU
		{648611A0-2048-4161-A825-8B690743D5DA}.Release|x64.Build.0 = Release|Any CPU
		{648611A0-2048-4161-A825-8B690743D5DA}.Release|x86.ActiveCfg = Release|Any CPU
		{648611A0-2048-4161-A825-8B690743D5DA}.Release|x86.Build.0 = Release|Any CPU
		{F2DD07E4-9E56-4FAA-B153-86A17DE57641}.Debug|Any CPU.ActiveCfg = Debug|Any CPU
		{F2DD07E4-9E56-4FAA-B153-86A17DE57641}.Debug|Any CPU.Build.0 = Debug|Any CPU
		{F2DD07E4-9E56-4FAA-B153-86A17DE57641}.Debug|x64.ActiveCfg = Debug|Any CPU
		{F2DD07E4-9E56-4FAA-B153-86A17DE57641}.Debug|x64.Build.0 = Debug|Any CPU
		{F2DD07E4-9E56-4FAA-B153-86A17DE57641}.Debug|x86.ActiveCfg = Debug|Any CPU
		{F2DD07E4-9E56-4FAA-B153-86A17DE57641}.Debug|x86.Build.0 = Debug|Any CPU
		{F2DD07E4-9E56-4FAA-B153-86A17DE57641}.Release|Any CPU.ActiveCfg = Release|Any CPU
		{F2DD07E4-9E56-4FAA-B153-86A17DE57641}.Release|Any CPU.Build.0 = Release|Any CPU
		{F2DD07E4-9E56-4FAA-B153-86A17DE57641}.Release|x64.ActiveCfg = Release|Any CPU
		{F2DD07E4-9E56-4FAA-B153-86A17DE57641}.Release|x64.Build.0 = Release|Any CPU
		{F2DD07E4-9E56-4FAA-B153-86A17DE57641}.Release|x86.ActiveCfg = Release|Any CPU
		{F2DD07E4-9E56-4FAA-B153-86A17DE57641}.Release|x86.Build.0 = Release|Any CPU
		{8FEA7231-7D37-4073-80DD-B46C5E7A9233}.Debug|Any CPU.ActiveCfg = Debug|Any CPU
		{8FEA7231-7D37-4073-80DD-B46C5E7A9233}.Debug|Any CPU.Build.0 = Debug|Any CPU
		{8FEA7231-7D37-4073-80DD-B46C5E7A9233}.Debug|x64.ActiveCfg = Debug|Any CPU
		{8FEA7231-7D37-4073-80DD-B46C5E7A9233}.Debug|x64.Build.0 = Debug|Any CPU
		{8FEA7231-7D37-4073-80DD-B46C5E7A9233}.Debug|x86.ActiveCfg = Debug|Any CPU
		{8FEA7231-7D37-4073-80DD-B46C5E7A9233}.Debug|x86.Build.0 = Debug|Any CPU
		{8FEA7231-7D37-4073-80DD-B46C5E7A9233}.Release|Any CPU.ActiveCfg = Release|Any CPU
		{8FEA7231-7D37-4073-80DD-B46C5E7A9233}.Release|Any CPU.Build.0 = Release|Any CPU
		{8FEA7231-7D37-4073-80DD-B46C5E7A9233}.Release|x64.ActiveCfg = Release|Any CPU
		{8FEA7231-7D37-4073-80DD-B46C5E7A9233}.Release|x64.Build.0 = Release|Any CPU
		{8FEA7231-7D37-4073-80DD-B46C5E7A9233}.Release|x86.ActiveCfg = Release|Any CPU
		{8FEA7231-7D37-4073-80DD-B46C5E7A9233}.Release|x86.Build.0 = Release|Any CPU
		{B8500892-7446-420C-935F-B1218B618CBD}.Debug|Any CPU.ActiveCfg = Debug|Any CPU
		{B8500892-7446-420C-935F-B1218B618CBD}.Debug|Any CPU.Build.0 = Debug|Any CPU
		{B8500892-7446-420C-935F-B1218B618CBD}.Debug|x64.ActiveCfg = Debug|Any CPU
		{B8500892-7446-420C-935F-B1218B618CBD}.Debug|x64.Build.0 = Debug|Any CPU
		{B8500892-7446-420C-935F-B1218B618CBD}.Debug|x86.ActiveCfg = Debug|Any CPU
		{B8500892-7446-420C-935F-B1218B618CBD}.Debug|x86.Build.0 = Debug|Any CPU
		{B8500892-7446-420C-935F-B1218B618CBD}.Release|Any CPU.ActiveCfg = Release|Any CPU
		{B8500892-7446-420C-935F-B1218B618CBD}.Release|Any CPU.Build.0 = Release|Any CPU
		{B8500892-7446-420C-935F-B1218B618CBD}.Release|x64.ActiveCfg = Release|Any CPU
		{B8500892-7446-420C-935F-B1218B618CBD}.Release|x64.Build.0 = Release|Any CPU
		{B8500892-7446-420C-935F-B1218B618CBD}.Release|x86.ActiveCfg = Release|Any CPU
		{B8500892-7446-420C-935F-B1218B618CBD}.Release|x86.Build.0 = Release|Any CPU
		{80C9B5BE-BE22-43E9-BEC6-57C614C6CC15}.Debug|Any CPU.ActiveCfg = Debug|Any CPU
		{80C9B5BE-BE22-43E9-BEC6-57C614C6CC15}.Debug|Any CPU.Build.0 = Debug|Any CPU
		{80C9B5BE-BE22-43E9-BEC6-57C614C6CC15}.Debug|x64.ActiveCfg = Debug|Any CPU
		{80C9B5BE-BE22-43E9-BEC6-57C614C6CC15}.Debug|x64.Build.0 = Debug|Any CPU
		{80C9B5BE-BE22-43E9-BEC6-57C614C6CC15}.Debug|x86.ActiveCfg = Debug|Any CPU
		{80C9B5BE-BE22-43E9-BEC6-57C614C6CC15}.Debug|x86.Build.0 = Debug|Any CPU
		{80C9B5BE-BE22-43E9-BEC6-57C614C6CC15}.Release|Any CPU.ActiveCfg = Release|Any CPU
		{80C9B5BE-BE22-43E9-BEC6-57C614C6CC15}.Release|Any CPU.Build.0 = Release|Any CPU
		{80C9B5BE-BE22-43E9-BEC6-57C614C6CC15}.Release|x64.ActiveCfg = Release|Any CPU
		{80C9B5BE-BE22-43E9-BEC6-57C614C6CC15}.Release|x64.Build.0 = Release|Any CPU
		{80C9B5BE-BE22-43E9-BEC6-57C614C6CC15}.Release|x86.ActiveCfg = Release|Any CPU
		{80C9B5BE-BE22-43E9-BEC6-57C614C6CC15}.Release|x86.Build.0 = Release|Any CPU
		{66B9189D-7F02-44EF-AC06-5DFC6465B258}.Debug|Any CPU.ActiveCfg = Debug|Any CPU
		{66B9189D-7F02-44EF-AC06-5DFC6465B258}.Debug|Any CPU.Build.0 = Debug|Any CPU
		{66B9189D-7F02-44EF-AC06-5DFC6465B258}.Debug|x64.ActiveCfg = Debug|Any CPU
		{66B9189D-7F02-44EF-AC06-5DFC6465B258}.Debug|x64.Build.0 = Debug|Any CPU
		{66B9189D-7F02-44EF-AC06-5DFC6465B258}.Debug|x86.ActiveCfg = Debug|Any CPU
		{66B9189D-7F02-44EF-AC06-5DFC6465B258}.Debug|x86.Build.0 = Debug|Any CPU
		{66B9189D-7F02-44EF-AC06-5DFC6465B258}.Release|Any CPU.ActiveCfg = Release|Any CPU
		{66B9189D-7F02-44EF-AC06-5DFC6465B258}.Release|Any CPU.Build.0 = Release|Any CPU
		{66B9189D-7F02-44EF-AC06-5DFC6465B258}.Release|x64.ActiveCfg = Release|Any CPU
		{66B9189D-7F02-44EF-AC06-5DFC6465B258}.Release|x64.Build.0 = Release|Any CPU
		{66B9189D-7F02-44EF-AC06-5DFC6465B258}.Release|x86.ActiveCfg = Release|Any CPU
		{66B9189D-7F02-44EF-AC06-5DFC6465B258}.Release|x86.Build.0 = Release|Any CPU
		{611367A2-258C-4705-B777-813F7C206DDF}.Debug|Any CPU.ActiveCfg = Debug|Any CPU
		{611367A2-258C-4705-B777-813F7C206DDF}.Debug|Any CPU.Build.0 = Debug|Any CPU
		{611367A2-258C-4705-B777-813F7C206DDF}.Debug|x64.ActiveCfg = Debug|Any CPU
		{611367A2-258C-4705-B777-813F7C206DDF}.Debug|x64.Build.0 = Debug|Any CPU
		{611367A2-258C-4705-B777-813F7C206DDF}.Debug|x86.ActiveCfg = Debug|Any CPU
		{611367A2-258C-4705-B777-813F7C206DDF}.Debug|x86.Build.0 = Debug|Any CPU
		{611367A2-258C-4705-B777-813F7C206DDF}.Release|Any CPU.ActiveCfg = Release|Any CPU
		{611367A2-258C-4705-B777-813F7C206DDF}.Release|Any CPU.Build.0 = Release|Any CPU
		{611367A2-258C-4705-B777-813F7C206DDF}.Release|x64.ActiveCfg = Release|Any CPU
		{611367A2-258C-4705-B777-813F7C206DDF}.Release|x64.Build.0 = Release|Any CPU
		{611367A2-258C-4705-B777-813F7C206DDF}.Release|x86.ActiveCfg = Release|Any CPU
		{611367A2-258C-4705-B777-813F7C206DDF}.Release|x86.Build.0 = Release|Any CPU
		{D43099F6-411A-4395-A470-9EC15D329824}.Debug|Any CPU.ActiveCfg = Debug|Any CPU
		{D43099F6-411A-4395-A470-9EC15D329824}.Debug|Any CPU.Build.0 = Debug|Any CPU
		{D43099F6-411A-4395-A470-9EC15D329824}.Debug|x64.ActiveCfg = Debug|Any CPU
		{D43099F6-411A-4395-A470-9EC15D329824}.Debug|x64.Build.0 = Debug|Any CPU
		{D43099F6-411A-4395-A470-9EC15D329824}.Debug|x86.ActiveCfg = Debug|Any CPU
		{D43099F6-411A-4395-A470-9EC15D329824}.Debug|x86.Build.0 = Debug|Any CPU
		{D43099F6-411A-4395-A470-9EC15D329824}.Release|Any CPU.ActiveCfg = Release|Any CPU
		{D43099F6-411A-4395-A470-9EC15D329824}.Release|Any CPU.Build.0 = Release|Any CPU
		{D43099F6-411A-4395-A470-9EC15D329824}.Release|x64.ActiveCfg = Release|Any CPU
		{D43099F6-411A-4395-A470-9EC15D329824}.Release|x64.Build.0 = Release|Any CPU
		{D43099F6-411A-4395-A470-9EC15D329824}.Release|x86.ActiveCfg = Release|Any CPU
		{D43099F6-411A-4395-A470-9EC15D329824}.Release|x86.Build.0 = Release|Any CPU
		{653C681F-07C8-4E7C-8FB2-55B383CC2A72}.Debug|Any CPU.ActiveCfg = Debug|Any CPU
		{653C681F-07C8-4E7C-8FB2-55B383CC2A72}.Debug|Any CPU.Build.0 = Debug|Any CPU
		{653C681F-07C8-4E7C-8FB2-55B383CC2A72}.Debug|x64.ActiveCfg = Debug|Any CPU
		{653C681F-07C8-4E7C-8FB2-55B383CC2A72}.Debug|x64.Build.0 = Debug|Any CPU
		{653C681F-07C8-4E7C-8FB2-55B383CC2A72}.Debug|x86.ActiveCfg = Debug|Any CPU
		{653C681F-07C8-4E7C-8FB2-55B383CC2A72}.Debug|x86.Build.0 = Debug|Any CPU
		{653C681F-07C8-4E7C-8FB2-55B383CC2A72}.Release|Any CPU.ActiveCfg = Release|Any CPU
		{653C681F-07C8-4E7C-8FB2-55B383CC2A72}.Release|Any CPU.Build.0 = Release|Any CPU
		{653C681F-07C8-4E7C-8FB2-55B383CC2A72}.Release|x64.ActiveCfg = Release|Any CPU
		{653C681F-07C8-4E7C-8FB2-55B383CC2A72}.Release|x64.Build.0 = Release|Any CPU
		{653C681F-07C8-4E7C-8FB2-55B383CC2A72}.Release|x86.ActiveCfg = Release|Any CPU
		{653C681F-07C8-4E7C-8FB2-55B383CC2A72}.Release|x86.Build.0 = Release|Any CPU
		{D3343C9D-57F2-4977-8949-BD1CFC0C265F}.Debug|Any CPU.ActiveCfg = Debug|Any CPU
		{D3343C9D-57F2-4977-8949-BD1CFC0C265F}.Debug|Any CPU.Build.0 = Debug|Any CPU
		{D3343C9D-57F2-4977-8949-BD1CFC0C265F}.Debug|x64.ActiveCfg = Debug|Any CPU
		{D3343C9D-57F2-4977-8949-BD1CFC0C265F}.Debug|x64.Build.0 = Debug|Any CPU
		{D3343C9D-57F2-4977-8949-BD1CFC0C265F}.Debug|x86.ActiveCfg = Debug|Any CPU
		{D3343C9D-57F2-4977-8949-BD1CFC0C265F}.Debug|x86.Build.0 = Debug|Any CPU
		{D3343C9D-57F2-4977-8949-BD1CFC0C265F}.Release|Any CPU.ActiveCfg = Release|Any CPU
		{D3343C9D-57F2-4977-8949-BD1CFC0C265F}.Release|Any CPU.Build.0 = Release|Any CPU
		{D3343C9D-57F2-4977-8949-BD1CFC0C265F}.Release|x64.ActiveCfg = Release|Any CPU
		{D3343C9D-57F2-4977-8949-BD1CFC0C265F}.Release|x64.Build.0 = Release|Any CPU
		{D3343C9D-57F2-4977-8949-BD1CFC0C265F}.Release|x86.ActiveCfg = Release|Any CPU
		{D3343C9D-57F2-4977-8949-BD1CFC0C265F}.Release|x86.Build.0 = Release|Any CPU
		{045B3BF8-BB83-4A74-B26C-3A3BC8738838}.Debug|Any CPU.ActiveCfg = Debug|Any CPU
		{045B3BF8-BB83-4A74-B26C-3A3BC8738838}.Debug|Any CPU.Build.0 = Debug|Any CPU
		{045B3BF8-BB83-4A74-B26C-3A3BC8738838}.Debug|x64.ActiveCfg = Debug|Any CPU
		{045B3BF8-BB83-4A74-B26C-3A3BC8738838}.Debug|x64.Build.0 = Debug|Any CPU
		{045B3BF8-BB83-4A74-B26C-3A3BC8738838}.Debug|x86.ActiveCfg = Debug|Any CPU
		{045B3BF8-BB83-4A74-B26C-3A3BC8738838}.Debug|x86.Build.0 = Debug|Any CPU
		{045B3BF8-BB83-4A74-B26C-3A3BC8738838}.Release|Any CPU.ActiveCfg = Release|Any CPU
		{045B3BF8-BB83-4A74-B26C-3A3BC8738838}.Release|Any CPU.Build.0 = Release|Any CPU
		{045B3BF8-BB83-4A74-B26C-3A3BC8738838}.Release|x64.ActiveCfg = Release|Any CPU
		{045B3BF8-BB83-4A74-B26C-3A3BC8738838}.Release|x64.Build.0 = Release|Any CPU
		{045B3BF8-BB83-4A74-B26C-3A3BC8738838}.Release|x86.ActiveCfg = Release|Any CPU
		{045B3BF8-BB83-4A74-B26C-3A3BC8738838}.Release|x86.Build.0 = Release|Any CPU
		{11A25386-B060-48DA-946E-093F8461998A}.Debug|Any CPU.ActiveCfg = Debug|Any CPU
		{11A25386-B060-48DA-946E-093F8461998A}.Debug|Any CPU.Build.0 = Debug|Any CPU
		{11A25386-B060-48DA-946E-093F8461998A}.Debug|x64.ActiveCfg = Debug|Any CPU
		{11A25386-B060-48DA-946E-093F8461998A}.Debug|x64.Build.0 = Debug|Any CPU
		{11A25386-B060-48DA-946E-093F8461998A}.Debug|x86.ActiveCfg = Debug|Any CPU
		{11A25386-B060-48DA-946E-093F8461998A}.Debug|x86.Build.0 = Debug|Any CPU
		{11A25386-B060-48DA-946E-093F8461998A}.Release|Any CPU.ActiveCfg = Release|Any CPU
		{11A25386-B060-48DA-946E-093F8461998A}.Release|Any CPU.Build.0 = Release|Any CPU
		{11A25386-B060-48DA-946E-093F8461998A}.Release|x64.ActiveCfg = Release|Any CPU
		{11A25386-B060-48DA-946E-093F8461998A}.Release|x64.Build.0 = Release|Any CPU
		{11A25386-B060-48DA-946E-093F8461998A}.Release|x86.ActiveCfg = Release|Any CPU
		{11A25386-B060-48DA-946E-093F8461998A}.Release|x86.Build.0 = Release|Any CPU
		{65FDBA09-7058-43DF-B525-09F6F155AE39}.Debug|Any CPU.ActiveCfg = Debug|Any CPU
		{65FDBA09-7058-43DF-B525-09F6F155AE39}.Debug|Any CPU.Build.0 = Debug|Any CPU
		{65FDBA09-7058-43DF-B525-09F6F155AE39}.Debug|x64.ActiveCfg = Debug|Any CPU
		{65FDBA09-7058-43DF-B525-09F6F155AE39}.Debug|x64.Build.0 = Debug|Any CPU
		{65FDBA09-7058-43DF-B525-09F6F155AE39}.Debug|x86.ActiveCfg = Debug|Any CPU
		{65FDBA09-7058-43DF-B525-09F6F155AE39}.Debug|x86.Build.0 = Debug|Any CPU
		{65FDBA09-7058-43DF-B525-09F6F155AE39}.Release|Any CPU.ActiveCfg = Release|Any CPU
		{65FDBA09-7058-43DF-B525-09F6F155AE39}.Release|Any CPU.Build.0 = Release|Any CPU
		{65FDBA09-7058-43DF-B525-09F6F155AE39}.Release|x64.ActiveCfg = Release|Any CPU
		{65FDBA09-7058-43DF-B525-09F6F155AE39}.Release|x64.Build.0 = Release|Any CPU
		{65FDBA09-7058-43DF-B525-09F6F155AE39}.Release|x86.ActiveCfg = Release|Any CPU
		{65FDBA09-7058-43DF-B525-09F6F155AE39}.Release|x86.Build.0 = Release|Any CPU
		{8B9DB36A-431B-4C84-9051-27B372F07C6A}.Debug|Any CPU.ActiveCfg = Debug|Any CPU
		{8B9DB36A-431B-4C84-9051-27B372F07C6A}.Debug|Any CPU.Build.0 = Debug|Any CPU
		{8B9DB36A-431B-4C84-9051-27B372F07C6A}.Debug|x64.ActiveCfg = Debug|Any CPU
		{8B9DB36A-431B-4C84-9051-27B372F07C6A}.Debug|x64.Build.0 = Debug|Any CPU
		{8B9DB36A-431B-4C84-9051-27B372F07C6A}.Debug|x86.ActiveCfg = Debug|Any CPU
		{8B9DB36A-431B-4C84-9051-27B372F07C6A}.Debug|x86.Build.0 = Debug|Any CPU
		{8B9DB36A-431B-4C84-9051-27B372F07C6A}.Release|Any CPU.ActiveCfg = Release|Any CPU
		{8B9DB36A-431B-4C84-9051-27B372F07C6A}.Release|Any CPU.Build.0 = Release|Any CPU
		{8B9DB36A-431B-4C84-9051-27B372F07C6A}.Release|x64.ActiveCfg = Release|Any CPU
		{8B9DB36A-431B-4C84-9051-27B372F07C6A}.Release|x64.Build.0 = Release|Any CPU
		{8B9DB36A-431B-4C84-9051-27B372F07C6A}.Release|x86.ActiveCfg = Release|Any CPU
		{8B9DB36A-431B-4C84-9051-27B372F07C6A}.Release|x86.Build.0 = Release|Any CPU
		{CEAD9057-3365-4BF4-8BCF-72D8F2ABD685}.Debug|Any CPU.ActiveCfg = Debug|Any CPU
		{CEAD9057-3365-4BF4-8BCF-72D8F2ABD685}.Debug|Any CPU.Build.0 = Debug|Any CPU
		{CEAD9057-3365-4BF4-8BCF-72D8F2ABD685}.Debug|x64.ActiveCfg = Debug|Any CPU
		{CEAD9057-3365-4BF4-8BCF-72D8F2ABD685}.Debug|x64.Build.0 = Debug|Any CPU
		{CEAD9057-3365-4BF4-8BCF-72D8F2ABD685}.Debug|x86.ActiveCfg = Debug|Any CPU
		{CEAD9057-3365-4BF4-8BCF-72D8F2ABD685}.Debug|x86.Build.0 = Debug|Any CPU
		{CEAD9057-3365-4BF4-8BCF-72D8F2ABD685}.Release|Any CPU.ActiveCfg = Release|Any CPU
		{CEAD9057-3365-4BF4-8BCF-72D8F2ABD685}.Release|Any CPU.Build.0 = Release|Any CPU
		{CEAD9057-3365-4BF4-8BCF-72D8F2ABD685}.Release|x64.ActiveCfg = Release|Any CPU
		{CEAD9057-3365-4BF4-8BCF-72D8F2ABD685}.Release|x64.Build.0 = Release|Any CPU
		{CEAD9057-3365-4BF4-8BCF-72D8F2ABD685}.Release|x86.ActiveCfg = Release|Any CPU
		{CEAD9057-3365-4BF4-8BCF-72D8F2ABD685}.Release|x86.Build.0 = Release|Any CPU
		{E1AD3532-C602-4CEC-BE97-83703C97B787}.Debug|Any CPU.ActiveCfg = Debug|Any CPU
		{E1AD3532-C602-4CEC-BE97-83703C97B787}.Debug|Any CPU.Build.0 = Debug|Any CPU
		{E1AD3532-C602-4CEC-BE97-83703C97B787}.Debug|x64.ActiveCfg = Debug|Any CPU
		{E1AD3532-C602-4CEC-BE97-83703C97B787}.Debug|x64.Build.0 = Debug|Any CPU
		{E1AD3532-C602-4CEC-BE97-83703C97B787}.Debug|x86.ActiveCfg = Debug|Any CPU
		{E1AD3532-C602-4CEC-BE97-83703C97B787}.Debug|x86.Build.0 = Debug|Any CPU
		{E1AD3532-C602-4CEC-BE97-83703C97B787}.Release|Any CPU.ActiveCfg = Release|Any CPU
		{E1AD3532-C602-4CEC-BE97-83703C97B787}.Release|Any CPU.Build.0 = Release|Any CPU
		{E1AD3532-C602-4CEC-BE97-83703C97B787}.Release|x64.ActiveCfg = Release|Any CPU
		{E1AD3532-C602-4CEC-BE97-83703C97B787}.Release|x64.Build.0 = Release|Any CPU
		{E1AD3532-C602-4CEC-BE97-83703C97B787}.Release|x86.ActiveCfg = Release|Any CPU
		{E1AD3532-C602-4CEC-BE97-83703C97B787}.Release|x86.Build.0 = Release|Any CPU
		{678D281F-CFC0-4856-90B4-975AAC3197E1}.Debug|Any CPU.ActiveCfg = Debug|Any CPU
		{678D281F-CFC0-4856-90B4-975AAC3197E1}.Debug|Any CPU.Build.0 = Debug|Any CPU
		{678D281F-CFC0-4856-90B4-975AAC3197E1}.Debug|x64.ActiveCfg = Debug|Any CPU
		{678D281F-CFC0-4856-90B4-975AAC3197E1}.Debug|x64.Build.0 = Debug|Any CPU
		{678D281F-CFC0-4856-90B4-975AAC3197E1}.Debug|x86.ActiveCfg = Debug|Any CPU
		{678D281F-CFC0-4856-90B4-975AAC3197E1}.Debug|x86.Build.0 = Debug|Any CPU
		{678D281F-CFC0-4856-90B4-975AAC3197E1}.Release|Any CPU.ActiveCfg = Release|Any CPU
		{678D281F-CFC0-4856-90B4-975AAC3197E1}.Release|Any CPU.Build.0 = Release|Any CPU
		{678D281F-CFC0-4856-90B4-975AAC3197E1}.Release|x64.ActiveCfg = Release|Any CPU
		{678D281F-CFC0-4856-90B4-975AAC3197E1}.Release|x64.Build.0 = Release|Any CPU
		{678D281F-CFC0-4856-90B4-975AAC3197E1}.Release|x86.ActiveCfg = Release|Any CPU
		{678D281F-CFC0-4856-90B4-975AAC3197E1}.Release|x86.Build.0 = Release|Any CPU
		{035FCA5A-3448-4A4C-BF9A-F4E0D67AD293}.Debug|Any CPU.ActiveCfg = Debug|Any CPU
		{035FCA5A-3448-4A4C-BF9A-F4E0D67AD293}.Debug|Any CPU.Build.0 = Debug|Any CPU
		{035FCA5A-3448-4A4C-BF9A-F4E0D67AD293}.Debug|x64.ActiveCfg = Debug|Any CPU
		{035FCA5A-3448-4A4C-BF9A-F4E0D67AD293}.Debug|x64.Build.0 = Debug|Any CPU
		{035FCA5A-3448-4A4C-BF9A-F4E0D67AD293}.Debug|x86.ActiveCfg = Debug|Any CPU
		{035FCA5A-3448-4A4C-BF9A-F4E0D67AD293}.Debug|x86.Build.0 = Debug|Any CPU
		{035FCA5A-3448-4A4C-BF9A-F4E0D67AD293}.Release|Any CPU.ActiveCfg = Release|Any CPU
		{035FCA5A-3448-4A4C-BF9A-F4E0D67AD293}.Release|Any CPU.Build.0 = Release|Any CPU
		{035FCA5A-3448-4A4C-BF9A-F4E0D67AD293}.Release|x64.ActiveCfg = Release|Any CPU
		{035FCA5A-3448-4A4C-BF9A-F4E0D67AD293}.Release|x64.Build.0 = Release|Any CPU
		{035FCA5A-3448-4A4C-BF9A-F4E0D67AD293}.Release|x86.ActiveCfg = Release|Any CPU
		{035FCA5A-3448-4A4C-BF9A-F4E0D67AD293}.Release|x86.Build.0 = Release|Any CPU
		{485DD6BE-BF63-47E3-8AD0-4F4714B2ACC9}.Debug|Any CPU.ActiveCfg = Debug|Any CPU
		{485DD6BE-BF63-47E3-8AD0-4F4714B2ACC9}.Debug|Any CPU.Build.0 = Debug|Any CPU
		{485DD6BE-BF63-47E3-8AD0-4F4714B2ACC9}.Debug|x64.ActiveCfg = Debug|Any CPU
		{485DD6BE-BF63-47E3-8AD0-4F4714B2ACC9}.Debug|x64.Build.0 = Debug|Any CPU
		{485DD6BE-BF63-47E3-8AD0-4F4714B2ACC9}.Debug|x86.ActiveCfg = Debug|Any CPU
		{485DD6BE-BF63-47E3-8AD0-4F4714B2ACC9}.Debug|x86.Build.0 = Debug|Any CPU
		{485DD6BE-BF63-47E3-8AD0-4F4714B2ACC9}.Release|Any CPU.ActiveCfg = Release|Any CPU
		{485DD6BE-BF63-47E3-8AD0-4F4714B2ACC9}.Release|Any CPU.Build.0 = Release|Any CPU
		{485DD6BE-BF63-47E3-8AD0-4F4714B2ACC9}.Release|x64.ActiveCfg = Release|Any CPU
		{485DD6BE-BF63-47E3-8AD0-4F4714B2ACC9}.Release|x64.Build.0 = Release|Any CPU
		{485DD6BE-BF63-47E3-8AD0-4F4714B2ACC9}.Release|x86.ActiveCfg = Release|Any CPU
		{485DD6BE-BF63-47E3-8AD0-4F4714B2ACC9}.Release|x86.Build.0 = Release|Any CPU
		{5EBC75D9-FC5C-41F5-80A4-D651BA6E751B}.Debug|Any CPU.ActiveCfg = Debug|Any CPU
		{5EBC75D9-FC5C-41F5-80A4-D651BA6E751B}.Debug|Any CPU.Build.0 = Debug|Any CPU
		{5EBC75D9-FC5C-41F5-80A4-D651BA6E751B}.Debug|x64.ActiveCfg = Debug|Any CPU
		{5EBC75D9-FC5C-41F5-80A4-D651BA6E751B}.Debug|x64.Build.0 = Debug|Any CPU
		{5EBC75D9-FC5C-41F5-80A4-D651BA6E751B}.Debug|x86.ActiveCfg = Debug|Any CPU
		{5EBC75D9-FC5C-41F5-80A4-D651BA6E751B}.Debug|x86.Build.0 = Debug|Any CPU
		{5EBC75D9-FC5C-41F5-80A4-D651BA6E751B}.Release|Any CPU.ActiveCfg = Release|Any CPU
		{5EBC75D9-FC5C-41F5-80A4-D651BA6E751B}.Release|Any CPU.Build.0 = Release|Any CPU
		{5EBC75D9-FC5C-41F5-80A4-D651BA6E751B}.Release|x64.ActiveCfg = Release|Any CPU
		{5EBC75D9-FC5C-41F5-80A4-D651BA6E751B}.Release|x64.Build.0 = Release|Any CPU
		{5EBC75D9-FC5C-41F5-80A4-D651BA6E751B}.Release|x86.ActiveCfg = Release|Any CPU
		{5EBC75D9-FC5C-41F5-80A4-D651BA6E751B}.Release|x86.Build.0 = Release|Any CPU
		{442163F2-85CA-4B96-9F69-6594C4773830}.Debug|Any CPU.ActiveCfg = Debug|Any CPU
		{442163F2-85CA-4B96-9F69-6594C4773830}.Debug|Any CPU.Build.0 = Debug|Any CPU
		{442163F2-85CA-4B96-9F69-6594C4773830}.Debug|x64.ActiveCfg = Debug|Any CPU
		{442163F2-85CA-4B96-9F69-6594C4773830}.Debug|x64.Build.0 = Debug|Any CPU
		{442163F2-85CA-4B96-9F69-6594C4773830}.Debug|x86.ActiveCfg = Debug|Any CPU
		{442163F2-85CA-4B96-9F69-6594C4773830}.Debug|x86.Build.0 = Debug|Any CPU
		{442163F2-85CA-4B96-9F69-6594C4773830}.Release|Any CPU.ActiveCfg = Release|Any CPU
		{442163F2-85CA-4B96-9F69-6594C4773830}.Release|Any CPU.Build.0 = Release|Any CPU
		{442163F2-85CA-4B96-9F69-6594C4773830}.Release|x64.ActiveCfg = Release|Any CPU
		{442163F2-85CA-4B96-9F69-6594C4773830}.Release|x64.Build.0 = Release|Any CPU
		{442163F2-85CA-4B96-9F69-6594C4773830}.Release|x86.ActiveCfg = Release|Any CPU
		{442163F2-85CA-4B96-9F69-6594C4773830}.Release|x86.Build.0 = Release|Any CPU
		{93D94E50-6CF4-403F-82B7-5741AA8F9608}.Debug|Any CPU.ActiveCfg = Debug|Any CPU
		{93D94E50-6CF4-403F-82B7-5741AA8F9608}.Debug|Any CPU.Build.0 = Debug|Any CPU
		{93D94E50-6CF4-403F-82B7-5741AA8F9608}.Debug|x64.ActiveCfg = Debug|Any CPU
		{93D94E50-6CF4-403F-82B7-5741AA8F9608}.Debug|x64.Build.0 = Debug|Any CPU
		{93D94E50-6CF4-403F-82B7-5741AA8F9608}.Debug|x86.ActiveCfg = Debug|Any CPU
		{93D94E50-6CF4-403F-82B7-5741AA8F9608}.Debug|x86.Build.0 = Debug|Any CPU
		{93D94E50-6CF4-403F-82B7-5741AA8F9608}.Release|Any CPU.ActiveCfg = Release|Any CPU
		{93D94E50-6CF4-403F-82B7-5741AA8F9608}.Release|Any CPU.Build.0 = Release|Any CPU
		{93D94E50-6CF4-403F-82B7-5741AA8F9608}.Release|x64.ActiveCfg = Release|Any CPU
		{93D94E50-6CF4-403F-82B7-5741AA8F9608}.Release|x64.Build.0 = Release|Any CPU
		{93D94E50-6CF4-403F-82B7-5741AA8F9608}.Release|x86.ActiveCfg = Release|Any CPU
		{93D94E50-6CF4-403F-82B7-5741AA8F9608}.Release|x86.Build.0 = Release|Any CPU
		{5A1E4B97-DB6A-48EA-822F-5FAAB8ED248D}.Debug|Any CPU.ActiveCfg = Debug|Any CPU
		{5A1E4B97-DB6A-48EA-822F-5FAAB8ED248D}.Debug|Any CPU.Build.0 = Debug|Any CPU
		{5A1E4B97-DB6A-48EA-822F-5FAAB8ED248D}.Debug|x64.ActiveCfg = Debug|Any CPU
		{5A1E4B97-DB6A-48EA-822F-5FAAB8ED248D}.Debug|x64.Build.0 = Debug|Any CPU
		{5A1E4B97-DB6A-48EA-822F-5FAAB8ED248D}.Debug|x86.ActiveCfg = Debug|Any CPU
		{5A1E4B97-DB6A-48EA-822F-5FAAB8ED248D}.Debug|x86.Build.0 = Debug|Any CPU
		{5A1E4B97-DB6A-48EA-822F-5FAAB8ED248D}.Release|Any CPU.ActiveCfg = Release|Any CPU
		{5A1E4B97-DB6A-48EA-822F-5FAAB8ED248D}.Release|Any CPU.Build.0 = Release|Any CPU
		{5A1E4B97-DB6A-48EA-822F-5FAAB8ED248D}.Release|x64.ActiveCfg = Release|Any CPU
		{5A1E4B97-DB6A-48EA-822F-5FAAB8ED248D}.Release|x64.Build.0 = Release|Any CPU
		{5A1E4B97-DB6A-48EA-822F-5FAAB8ED248D}.Release|x86.ActiveCfg = Release|Any CPU
		{5A1E4B97-DB6A-48EA-822F-5FAAB8ED248D}.Release|x86.Build.0 = Release|Any CPU
		{1FDB5394-CA94-467E-99F0-A154D72BFB6C}.Debug|Any CPU.ActiveCfg = Debug|Any CPU
		{1FDB5394-CA94-467E-99F0-A154D72BFB6C}.Debug|Any CPU.Build.0 = Debug|Any CPU
		{1FDB5394-CA94-467E-99F0-A154D72BFB6C}.Debug|x64.ActiveCfg = Debug|Any CPU
		{1FDB5394-CA94-467E-99F0-A154D72BFB6C}.Debug|x64.Build.0 = Debug|Any CPU
		{1FDB5394-CA94-467E-99F0-A154D72BFB6C}.Debug|x86.ActiveCfg = Debug|Any CPU
		{1FDB5394-CA94-467E-99F0-A154D72BFB6C}.Debug|x86.Build.0 = Debug|Any CPU
		{1FDB5394-CA94-467E-99F0-A154D72BFB6C}.Release|Any CPU.ActiveCfg = Release|Any CPU
		{1FDB5394-CA94-467E-99F0-A154D72BFB6C}.Release|Any CPU.Build.0 = Release|Any CPU
		{1FDB5394-CA94-467E-99F0-A154D72BFB6C}.Release|x64.ActiveCfg = Release|Any CPU
		{1FDB5394-CA94-467E-99F0-A154D72BFB6C}.Release|x64.Build.0 = Release|Any CPU
		{1FDB5394-CA94-467E-99F0-A154D72BFB6C}.Release|x86.ActiveCfg = Release|Any CPU
		{1FDB5394-CA94-467E-99F0-A154D72BFB6C}.Release|x86.Build.0 = Release|Any CPU
	EndGlobalSection
	GlobalSection(SolutionProperties) = preSolution
		HideSolutionNode = FALSE
	EndGlobalSection
	GlobalSection(ExtensibilityGlobals) = postSolution
		SolutionGuid = {33B60B6C-86C6-452A-805B-E1C27C5A634A}
	EndGlobalSection
EndGlobal
