
Microsoft Visual Studio Solution File, Format Version 12.00
# Visual Studio Version 16
VisualStudioVersion = 16.0.31410.357
MinimumVisualStudioVersion = 10.0.40219.1
Project("{9A19103F-16F7-4668-BE54-9A1E7A4F7556}") = "Kattis", "Kattis\Kattis.csproj", "{15D589A1-AF4C-4C7D-B4FB-7FA02034025D}"
EndProject
Project("{9A19103F-16F7-4668-BE54-9A1E7A4F7556}") = "Bijele", "Bijele\Bijele.csproj", "{9E9EB39B-70C5-4C37-AAF6-EB7FD277B0FA}"
EndProject
Project("{2150E333-8FDC-42A3-9474-1A3956D46DE8}") = "Solution Items", "Solution Items", "{5A991BBC-9579-4453-A9EB-615161C7B7C9}"
	ProjectSection(SolutionItems) = preProject
		README.md = README.md
	EndProjectSection
EndProject
Project("{9A19103F-16F7-4668-BE54-9A1E7A4F7556}") = "SolvingForCarrots", "SolvingForCarrots\SolvingForCarrots.csproj", "{791E9C27-56EA-4E29-999A-6BE2A6103F9F}"
EndProject
Project("{9A19103F-16F7-4668-BE54-9A1E7A4F7556}") = "Pet", "Pet\Pet.csproj", "{43E90607-F736-451C-91BC-7AB83D03C813}"
EndProject
Project("{9A19103F-16F7-4668-BE54-9A1E7A4F7556}") = "Tarifa", "Tarifa\Tarifa.csproj", "{3505457F-D637-4846-9136-F8B1E0298708}"
EndProject
Project("{9A19103F-16F7-4668-BE54-9A1E7A4F7556}") = "Echo Echo Echo", "Echo Echo Echo\Echo Echo Echo.csproj", "{30FFC282-E925-4960-BCB2-90645C1FB641}"
EndProject
Project("{9A19103F-16F7-4668-BE54-9A1E7A4F7556}") = "TakeTwoStones", "TakeTwoStones\TakeTwoStones.csproj", "{D2012635-CE7C-4048-A036-63DDFC7B7FE8}"
EndProject
Project("{9A19103F-16F7-4668-BE54-9A1E7A4F7556}") = "BabyNames", "BabyNames\BabyNames.csproj", "{E6D32EEE-3A4D-4A8C-86E0-D9A5FE9A1AB4}"
EndProject
Project("{9A19103F-16F7-4668-BE54-9A1E7A4F7556}") = "SpeedLimit", "SpeedLimit\SpeedLimit.csproj", "{BAB96362-6ABA-4BD0-AEBF-0AC4A0B01B45}"
EndProject
Project("{9A19103F-16F7-4668-BE54-9A1E7A4F7556}") = "Apaxiaaaaaaaaaaaans", "Apaxiaaaaaaaaaaaans\Apaxiaaaaaaaaaaaans.csproj", "{97B9F601-5F93-459D-B82C-35E2B905385C}"
EndProject
Project("{9A19103F-16F7-4668-BE54-9A1E7A4F7556}") = "Lektira", "Lektira\Lektira.csproj", "{0365E13D-70FF-45E2-B666-6D28BC0BF8D7}"
EndProject
Project("{9A19103F-16F7-4668-BE54-9A1E7A4F7556}") = "Reverse", "Reverse\Reverse.csproj", "{C7BDD1D4-8D7E-471A-BF28-A69684CEA1D3}"
EndProject
Project("{9A19103F-16F7-4668-BE54-9A1E7A4F7556}") = "SMIL", "SMIL\SMIL.csproj", "{C7044982-3E69-4F09-B833-FD2CA5F1637A}"
EndProject
Project("{9A19103F-16F7-4668-BE54-9A1E7A4F7556}") = "SodaSlurper", "SodaSlurper\SodaSlurper.csproj", "{4EBEA019-471E-4BAB-BC49-31714ACCDA6A}"
EndProject
Project("{9A19103F-16F7-4668-BE54-9A1E7A4F7556}") = "2^n-Aire", "2^n-Aire\2^n-Aire.csproj", "{14E8B1DB-8D8C-42E8-8628-6E278FFF88B7}"
EndProject
Project("{FAE04EC0-301F-11D3-BF4B-00C04F79EFBC}") = "Prime", "Prime\Prime.csproj", "{3561D2C2-B1AC-4B98-AD20-AD786466D9C4}"
EndProject
Project("{FAE04EC0-301F-11D3-BF4B-00C04F79EFBC}") = "LongestDistinctSequence", "LongestDistinctSequence\LongestDistinctSequence.csproj", "{D6E99CEE-5417-4085-9E15-3970A9D5BC3F}"
EndProject
Project("{9A19103F-16F7-4668-BE54-9A1E7A4F7556}") = "abc", "abc\abc.csproj", "{9838DA0E-33CE-447F-925F-F8F8793FC130}"
EndProject
Project("{9A19103F-16F7-4668-BE54-9A1E7A4F7556}") = "MissingNumbers", "MissingNumbers\MissingNumbers.csproj", "{85189D3A-9874-4370-96BA-F4D5DF157198}"
EndProject
Project("{FAE04EC0-301F-11D3-BF4B-00C04F79EFBC}") = "RoamingRomans", "RoamingRomans\RoamingRomans.csproj", "{50993936-84D9-425E-B771-0E5070BD00F2}"
EndProject
Project("{FAE04EC0-301F-11D3-BF4B-00C04F79EFBC}") = "Vauvau", "Vauvau\Vauvau.csproj", "{96813639-D4FD-4A68-ADAE-8E3370CFF06D}"
EndProject
Global
	GlobalSection(SolutionConfigurationPlatforms) = preSolution
		Debug|Any CPU = Debug|Any CPU
		Debug|x64 = Debug|x64
		Debug|x86 = Debug|x86
		Release|Any CPU = Release|Any CPU
		Release|x64 = Release|x64
		Release|x86 = Release|x86
	EndGlobalSection
	GlobalSection(ProjectConfigurationPlatforms) = postSolution
		{15D589A1-AF4C-4C7D-B4FB-7FA02034025D}.Debug|Any CPU.ActiveCfg = Debug|Any CPU
		{15D589A1-AF4C-4C7D-B4FB-7FA02034025D}.Debug|Any CPU.Build.0 = Debug|Any CPU
		{15D589A1-AF4C-4C7D-B4FB-7FA02034025D}.Debug|x64.ActiveCfg = Debug|Any CPU
		{15D589A1-AF4C-4C7D-B4FB-7FA02034025D}.Debug|x64.Build.0 = Debug|Any CPU
		{15D589A1-AF4C-4C7D-B4FB-7FA02034025D}.Debug|x86.ActiveCfg = Debug|Any CPU
		{15D589A1-AF4C-4C7D-B4FB-7FA02034025D}.Debug|x86.Build.0 = Debug|Any CPU
		{15D589A1-AF4C-4C7D-B4FB-7FA02034025D}.Release|Any CPU.ActiveCfg = Release|Any CPU
		{15D589A1-AF4C-4C7D-B4FB-7FA02034025D}.Release|Any CPU.Build.0 = Release|Any CPU
		{15D589A1-AF4C-4C7D-B4FB-7FA02034025D}.Release|x64.ActiveCfg = Release|Any CPU
		{15D589A1-AF4C-4C7D-B4FB-7FA02034025D}.Release|x64.Build.0 = Release|Any CPU
		{15D589A1-AF4C-4C7D-B4FB-7FA02034025D}.Release|x86.ActiveCfg = Release|Any CPU
		{15D589A1-AF4C-4C7D-B4FB-7FA02034025D}.Release|x86.Build.0 = Release|Any CPU
		{9E9EB39B-70C5-4C37-AAF6-EB7FD277B0FA}.Debug|Any CPU.ActiveCfg = Debug|Any CPU
		{9E9EB39B-70C5-4C37-AAF6-EB7FD277B0FA}.Debug|Any CPU.Build.0 = Debug|Any CPU
		{9E9EB39B-70C5-4C37-AAF6-EB7FD277B0FA}.Debug|x64.ActiveCfg = Debug|Any CPU
		{9E9EB39B-70C5-4C37-AAF6-EB7FD277B0FA}.Debug|x64.Build.0 = Debug|Any CPU
		{9E9EB39B-70C5-4C37-AAF6-EB7FD277B0FA}.Debug|x86.ActiveCfg = Debug|Any CPU
		{9E9EB39B-70C5-4C37-AAF6-EB7FD277B0FA}.Debug|x86.Build.0 = Debug|Any CPU
		{9E9EB39B-70C5-4C37-AAF6-EB7FD277B0FA}.Release|Any CPU.ActiveCfg = Release|Any CPU
		{9E9EB39B-70C5-4C37-AAF6-EB7FD277B0FA}.Release|Any CPU.Build.0 = Release|Any CPU
		{9E9EB39B-70C5-4C37-AAF6-EB7FD277B0FA}.Release|x64.ActiveCfg = Release|Any CPU
		{9E9EB39B-70C5-4C37-AAF6-EB7FD277B0FA}.Release|x64.Build.0 = Release|Any CPU
		{9E9EB39B-70C5-4C37-AAF6-EB7FD277B0FA}.Release|x86.ActiveCfg = Release|Any CPU
		{9E9EB39B-70C5-4C37-AAF6-EB7FD277B0FA}.Release|x86.Build.0 = Release|Any CPU
		{791E9C27-56EA-4E29-999A-6BE2A6103F9F}.Debug|Any CPU.ActiveCfg = Debug|Any CPU
		{791E9C27-56EA-4E29-999A-6BE2A6103F9F}.Debug|Any CPU.Build.0 = Debug|Any CPU
		{791E9C27-56EA-4E29-999A-6BE2A6103F9F}.Debug|x64.ActiveCfg = Debug|Any CPU
		{791E9C27-56EA-4E29-999A-6BE2A6103F9F}.Debug|x64.Build.0 = Debug|Any CPU
		{791E9C27-56EA-4E29-999A-6BE2A6103F9F}.Debug|x86.ActiveCfg = Debug|Any CPU
		{791E9C27-56EA-4E29-999A-6BE2A6103F9F}.Debug|x86.Build.0 = Debug|Any CPU
		{791E9C27-56EA-4E29-999A-6BE2A6103F9F}.Release|Any CPU.ActiveCfg = Release|Any CPU
		{791E9C27-56EA-4E29-999A-6BE2A6103F9F}.Release|Any CPU.Build.0 = Release|Any CPU
		{791E9C27-56EA-4E29-999A-6BE2A6103F9F}.Release|x64.ActiveCfg = Release|Any CPU
		{791E9C27-56EA-4E29-999A-6BE2A6103F9F}.Release|x64.Build.0 = Release|Any CPU
		{791E9C27-56EA-4E29-999A-6BE2A6103F9F}.Release|x86.ActiveCfg = Release|Any CPU
		{791E9C27-56EA-4E29-999A-6BE2A6103F9F}.Release|x86.Build.0 = Release|Any CPU
		{43E90607-F736-451C-91BC-7AB83D03C813}.Debug|Any CPU.ActiveCfg = Debug|Any CPU
		{43E90607-F736-451C-91BC-7AB83D03C813}.Debug|Any CPU.Build.0 = Debug|Any CPU
		{43E90607-F736-451C-91BC-7AB83D03C813}.Debug|x64.ActiveCfg = Debug|Any CPU
		{43E90607-F736-451C-91BC-7AB83D03C813}.Debug|x64.Build.0 = Debug|Any CPU
		{43E90607-F736-451C-91BC-7AB83D03C813}.Debug|x86.ActiveCfg = Debug|Any CPU
		{43E90607-F736-451C-91BC-7AB83D03C813}.Debug|x86.Build.0 = Debug|Any CPU
		{43E90607-F736-451C-91BC-7AB83D03C813}.Release|Any CPU.ActiveCfg = Release|Any CPU
		{43E90607-F736-451C-91BC-7AB83D03C813}.Release|Any CPU.Build.0 = Release|Any CPU
		{43E90607-F736-451C-91BC-7AB83D03C813}.Release|x64.ActiveCfg = Release|Any CPU
		{43E90607-F736-451C-91BC-7AB83D03C813}.Release|x64.Build.0 = Release|Any CPU
		{43E90607-F736-451C-91BC-7AB83D03C813}.Release|x86.ActiveCfg = Release|Any CPU
		{43E90607-F736-451C-91BC-7AB83D03C813}.Release|x86.Build.0 = Release|Any CPU
		{3505457F-D637-4846-9136-F8B1E0298708}.Debug|Any CPU.ActiveCfg = Debug|Any CPU
		{3505457F-D637-4846-9136-F8B1E0298708}.Debug|Any CPU.Build.0 = Debug|Any CPU
		{3505457F-D637-4846-9136-F8B1E0298708}.Debug|x64.ActiveCfg = Debug|Any CPU
		{3505457F-D637-4846-9136-F8B1E0298708}.Debug|x64.Build.0 = Debug|Any CPU
		{3505457F-D637-4846-9136-F8B1E0298708}.Debug|x86.ActiveCfg = Debug|Any CPU
		{3505457F-D637-4846-9136-F8B1E0298708}.Debug|x86.Build.0 = Debug|Any CPU
		{3505457F-D637-4846-9136-F8B1E0298708}.Release|Any CPU.ActiveCfg = Release|Any CPU
		{3505457F-D637-4846-9136-F8B1E0298708}.Release|Any CPU.Build.0 = Release|Any CPU
		{3505457F-D637-4846-9136-F8B1E0298708}.Release|x64.ActiveCfg = Release|Any CPU
		{3505457F-D637-4846-9136-F8B1E0298708}.Release|x64.Build.0 = Release|Any CPU
		{3505457F-D637-4846-9136-F8B1E0298708}.Release|x86.ActiveCfg = Release|Any CPU
		{3505457F-D637-4846-9136-F8B1E0298708}.Release|x86.Build.0 = Release|Any CPU
		{30FFC282-E925-4960-BCB2-90645C1FB641}.Debug|Any CPU.ActiveCfg = Debug|Any CPU
		{30FFC282-E925-4960-BCB2-90645C1FB641}.Debug|Any CPU.Build.0 = Debug|Any CPU
		{30FFC282-E925-4960-BCB2-90645C1FB641}.Debug|x64.ActiveCfg = Debug|Any CPU
		{30FFC282-E925-4960-BCB2-90645C1FB641}.Debug|x64.Build.0 = Debug|Any CPU
		{30FFC282-E925-4960-BCB2-90645C1FB641}.Debug|x86.ActiveCfg = Debug|Any CPU
		{30FFC282-E925-4960-BCB2-90645C1FB641}.Debug|x86.Build.0 = Debug|Any CPU
		{30FFC282-E925-4960-BCB2-90645C1FB641}.Release|Any CPU.ActiveCfg = Release|Any CPU
		{30FFC282-E925-4960-BCB2-90645C1FB641}.Release|Any CPU.Build.0 = Release|Any CPU
		{30FFC282-E925-4960-BCB2-90645C1FB641}.Release|x64.ActiveCfg = Release|Any CPU
		{30FFC282-E925-4960-BCB2-90645C1FB641}.Release|x64.Build.0 = Release|Any CPU
		{30FFC282-E925-4960-BCB2-90645C1FB641}.Release|x86.ActiveCfg = Release|Any CPU
		{30FFC282-E925-4960-BCB2-90645C1FB641}.Release|x86.Build.0 = Release|Any CPU
		{D2012635-CE7C-4048-A036-63DDFC7B7FE8}.Debug|Any CPU.ActiveCfg = Debug|Any CPU
		{D2012635-CE7C-4048-A036-63DDFC7B7FE8}.Debug|Any CPU.Build.0 = Debug|Any CPU
		{D2012635-CE7C-4048-A036-63DDFC7B7FE8}.Debug|x64.ActiveCfg = Debug|Any CPU
		{D2012635-CE7C-4048-A036-63DDFC7B7FE8}.Debug|x64.Build.0 = Debug|Any CPU
		{D2012635-CE7C-4048-A036-63DDFC7B7FE8}.Debug|x86.ActiveCfg = Debug|Any CPU
		{D2012635-CE7C-4048-A036-63DDFC7B7FE8}.Debug|x86.Build.0 = Debug|Any CPU
		{D2012635-CE7C-4048-A036-63DDFC7B7FE8}.Release|Any CPU.ActiveCfg = Release|Any CPU
		{D2012635-CE7C-4048-A036-63DDFC7B7FE8}.Release|Any CPU.Build.0 = Release|Any CPU
		{D2012635-CE7C-4048-A036-63DDFC7B7FE8}.Release|x64.ActiveCfg = Release|Any CPU
		{D2012635-CE7C-4048-A036-63DDFC7B7FE8}.Release|x64.Build.0 = Release|Any CPU
		{D2012635-CE7C-4048-A036-63DDFC7B7FE8}.Release|x86.ActiveCfg = Release|Any CPU
		{D2012635-CE7C-4048-A036-63DDFC7B7FE8}.Release|x86.Build.0 = Release|Any CPU
		{E6D32EEE-3A4D-4A8C-86E0-D9A5FE9A1AB4}.Debug|Any CPU.ActiveCfg = Debug|Any CPU
		{E6D32EEE-3A4D-4A8C-86E0-D9A5FE9A1AB4}.Debug|Any CPU.Build.0 = Debug|Any CPU
		{E6D32EEE-3A4D-4A8C-86E0-D9A5FE9A1AB4}.Debug|x64.ActiveCfg = Debug|Any CPU
		{E6D32EEE-3A4D-4A8C-86E0-D9A5FE9A1AB4}.Debug|x64.Build.0 = Debug|Any CPU
		{E6D32EEE-3A4D-4A8C-86E0-D9A5FE9A1AB4}.Debug|x86.ActiveCfg = Debug|Any CPU
		{E6D32EEE-3A4D-4A8C-86E0-D9A5FE9A1AB4}.Debug|x86.Build.0 = Debug|Any CPU
		{E6D32EEE-3A4D-4A8C-86E0-D9A5FE9A1AB4}.Release|Any CPU.ActiveCfg = Release|Any CPU
		{E6D32EEE-3A4D-4A8C-86E0-D9A5FE9A1AB4}.Release|Any CPU.Build.0 = Release|Any CPU
		{E6D32EEE-3A4D-4A8C-86E0-D9A5FE9A1AB4}.Release|x64.ActiveCfg = Release|Any CPU
		{E6D32EEE-3A4D-4A8C-86E0-D9A5FE9A1AB4}.Release|x64.Build.0 = Release|Any CPU
		{E6D32EEE-3A4D-4A8C-86E0-D9A5FE9A1AB4}.Release|x86.ActiveCfg = Release|Any CPU
		{E6D32EEE-3A4D-4A8C-86E0-D9A5FE9A1AB4}.Release|x86.Build.0 = Release|Any CPU
		{BAB96362-6ABA-4BD0-AEBF-0AC4A0B01B45}.Debug|Any CPU.ActiveCfg = Debug|Any CPU
		{BAB96362-6ABA-4BD0-AEBF-0AC4A0B01B45}.Debug|Any CPU.Build.0 = Debug|Any CPU
		{BAB96362-6ABA-4BD0-AEBF-0AC4A0B01B45}.Debug|x64.ActiveCfg = Debug|Any CPU
		{BAB96362-6ABA-4BD0-AEBF-0AC4A0B01B45}.Debug|x64.Build.0 = Debug|Any CPU
		{BAB96362-6ABA-4BD0-AEBF-0AC4A0B01B45}.Debug|x86.ActiveCfg = Debug|Any CPU
		{BAB96362-6ABA-4BD0-AEBF-0AC4A0B01B45}.Debug|x86.Build.0 = Debug|Any CPU
		{BAB96362-6ABA-4BD0-AEBF-0AC4A0B01B45}.Release|Any CPU.ActiveCfg = Release|Any CPU
		{BAB96362-6ABA-4BD0-AEBF-0AC4A0B01B45}.Release|Any CPU.Build.0 = Release|Any CPU
		{BAB96362-6ABA-4BD0-AEBF-0AC4A0B01B45}.Release|x64.ActiveCfg = Release|Any CPU
		{BAB96362-6ABA-4BD0-AEBF-0AC4A0B01B45}.Release|x64.Build.0 = Release|Any CPU
		{BAB96362-6ABA-4BD0-AEBF-0AC4A0B01B45}.Release|x86.ActiveCfg = Release|Any CPU
		{BAB96362-6ABA-4BD0-AEBF-0AC4A0B01B45}.Release|x86.Build.0 = Release|Any CPU
		{97B9F601-5F93-459D-B82C-35E2B905385C}.Debug|Any CPU.ActiveCfg = Debug|Any CPU
		{97B9F601-5F93-459D-B82C-35E2B905385C}.Debug|Any CPU.Build.0 = Debug|Any CPU
		{97B9F601-5F93-459D-B82C-35E2B905385C}.Debug|x64.ActiveCfg = Debug|Any CPU
		{97B9F601-5F93-459D-B82C-35E2B905385C}.Debug|x64.Build.0 = Debug|Any CPU
		{97B9F601-5F93-459D-B82C-35E2B905385C}.Debug|x86.ActiveCfg = Debug|Any CPU
		{97B9F601-5F93-459D-B82C-35E2B905385C}.Debug|x86.Build.0 = Debug|Any CPU
		{97B9F601-5F93-459D-B82C-35E2B905385C}.Release|Any CPU.ActiveCfg = Release|Any CPU
		{97B9F601-5F93-459D-B82C-35E2B905385C}.Release|Any CPU.Build.0 = Release|Any CPU
		{97B9F601-5F93-459D-B82C-35E2B905385C}.Release|x64.ActiveCfg = Release|Any CPU
		{97B9F601-5F93-459D-B82C-35E2B905385C}.Release|x64.Build.0 = Release|Any CPU
		{97B9F601-5F93-459D-B82C-35E2B905385C}.Release|x86.ActiveCfg = Release|Any CPU
		{97B9F601-5F93-459D-B82C-35E2B905385C}.Release|x86.Build.0 = Release|Any CPU
		{0365E13D-70FF-45E2-B666-6D28BC0BF8D7}.Debug|Any CPU.ActiveCfg = Debug|Any CPU
		{0365E13D-70FF-45E2-B666-6D28BC0BF8D7}.Debug|Any CPU.Build.0 = Debug|Any CPU
		{0365E13D-70FF-45E2-B666-6D28BC0BF8D7}.Debug|x64.ActiveCfg = Debug|Any CPU
		{0365E13D-70FF-45E2-B666-6D28BC0BF8D7}.Debug|x64.Build.0 = Debug|Any CPU
		{0365E13D-70FF-45E2-B666-6D28BC0BF8D7}.Debug|x86.ActiveCfg = Debug|Any CPU
		{0365E13D-70FF-45E2-B666-6D28BC0BF8D7}.Debug|x86.Build.0 = Debug|Any CPU
		{0365E13D-70FF-45E2-B666-6D28BC0BF8D7}.Release|Any CPU.ActiveCfg = Release|Any CPU
		{0365E13D-70FF-45E2-B666-6D28BC0BF8D7}.Release|Any CPU.Build.0 = Release|Any CPU
		{0365E13D-70FF-45E2-B666-6D28BC0BF8D7}.Release|x64.ActiveCfg = Release|Any CPU
		{0365E13D-70FF-45E2-B666-6D28BC0BF8D7}.Release|x64.Build.0 = Release|Any CPU
		{0365E13D-70FF-45E2-B666-6D28BC0BF8D7}.Release|x86.ActiveCfg = Release|Any CPU
		{0365E13D-70FF-45E2-B666-6D28BC0BF8D7}.Release|x86.Build.0 = Release|Any CPU
	EndGlobalSection
	GlobalSection(SolutionProperties) = preSolution
		HideSolutionNode = FALSE
	EndGlobalSection
	GlobalSection(ExtensibilityGlobals) = postSolution
		SolutionGuid = {33B60B6C-86C6-452A-805B-E1C27C5A634A}
	EndGlobalSection
EndGlobal
