
Microsoft Visual Studio Solution File, Format Version 12.00
# Visual Studio Version 16
VisualStudioVersion = 16.0.31410.357
MinimumVisualStudioVersion = 10.0.40219.1
Project("{9A19103F-16F7-4668-BE54-9A1E7A4F7556}") = "Kattis", "Kattis\Kattis.csproj", "{15D589A1-AF4C-4C7D-B4FB-7FA02034025D}"
EndProject
Project("{9A19103F-16F7-4668-BE54-9A1E7A4F7556}") = "Bijele", "Bijele\Bijele.csproj", "{9E9EB39B-70C5-4C37-AAF6-EB7FD277B0FA}"
EndProject
Project("{2150E333-8FDC-42A3-9474-1A3956D46DE8}") = "Solution Items", "Solution Items", "{5A991BBC-9579-4453-A9EB-615161C7B7C9}"
	ProjectSection(SolutionItems) = preProject
		README.md = README.md
	EndProjectSection
EndProject
Project("{FAE04EC0-301F-11D3-BF4B-00C04F79EFBC}") = "SolvingForCarrots", "SolvingForCarrots\SolvingForCarrots.csproj", "{791E9C27-56EA-4E29-999A-6BE2A6103F9F}"
EndProject
Project("{FAE04EC0-301F-11D3-BF4B-00C04F79EFBC}") = "Pet", "Pet\Pet.csproj", "{43E90607-F736-451C-91BC-7AB83D03C813}"
EndProject
Project("{FAE04EC0-301F-11D3-BF4B-00C04F79EFBC}") = "Tarifa", "Tarifa\Tarifa.csproj", "{3505457F-D637-4846-9136-F8B1E0298708}"
EndProject
Project("{FAE04EC0-301F-11D3-BF4B-00C04F79EFBC}") = "Echo Echo Echo", "Echo Echo Echo\Echo Echo Echo.csproj", "{30FFC282-E925-4960-BCB2-90645C1FB641}"
EndProject
Project("{FAE04EC0-301F-11D3-BF4B-00C04F79EFBC}") = "TakeTwoStones", "TakeTwoStones\TakeTwoStones.csproj", "{D2012635-CE7C-4048-A036-63DDFC7B7FE8}"
EndProject
Project("{FAE04EC0-301F-11D3-BF4B-00C04F79EFBC}") = "BabyNames", "BabyNames\BabyNames.csproj", "{E6D32EEE-3A4D-4A8C-86E0-D9A5FE9A1AB4}"
EndProject
Global
	GlobalSection(SolutionConfigurationPlatforms) = preSolution
		Debug|Any CPU = Debug|Any CPU
		Debug|x64 = Debug|x64
		Debug|x86 = Debug|x86
		Release|Any CPU = Release|Any CPU
		Release|x64 = Release|x64
		Release|x86 = Release|x86
	EndGlobalSection
	GlobalSection(ProjectConfigurationPlatforms) = postSolution
		{15D589A1-AF4C-4C7D-B4FB-7FA02034025D}.Debug|Any CPU.ActiveCfg = Debug|Any CPU
		{15D589A1-AF4C-4C7D-B4FB-7FA02034025D}.Debug|Any CPU.Build.0 = Debug|Any CPU
		{15D589A1-AF4C-4C7D-B4FB-7FA02034025D}.Debug|x64.ActiveCfg = Debug|Any CPU
		{15D589A1-AF4C-4C7D-B4FB-7FA02034025D}.Debug|x64.Build.0 = Debug|Any CPU
		{15D589A1-AF4C-4C7D-B4FB-7FA02034025D}.Debug|x86.ActiveCfg = Debug|Any CPU
		{15D589A1-AF4C-4C7D-B4FB-7FA02034025D}.Debug|x86.Build.0 = Debug|Any CPU
		{15D589A1-AF4C-4C7D-B4FB-7FA02034025D}.Release|Any CPU.ActiveCfg = Release|Any CPU
		{15D589A1-AF4C-4C7D-B4FB-7FA02034025D}.Release|Any CPU.Build.0 = Release|Any CPU
		{15D589A1-AF4C-4C7D-B4FB-7FA02034025D}.Release|x64.ActiveCfg = Release|Any CPU
		{15D589A1-AF4C-4C7D-B4FB-7FA02034025D}.Release|x64.Build.0 = Release|Any CPU
		{15D589A1-AF4C-4C7D-B4FB-7FA02034025D}.Release|x86.ActiveCfg = Release|Any CPU
		{15D589A1-AF4C-4C7D-B4FB-7FA02034025D}.Release|x86.Build.0 = Release|Any CPU
		{9E9EB39B-70C5-4C37-AAF6-EB7FD277B0FA}.Debug|Any CPU.ActiveCfg = Debug|Any CPU
		{9E9EB39B-70C5-4C37-AAF6-EB7FD277B0FA}.Debug|Any CPU.Build.0 = Debug|Any CPU
		{9E9EB39B-70C5-4C37-AAF6-EB7FD277B0FA}.Debug|x64.ActiveCfg = Debug|Any CPU
		{9E9EB39B-70C5-4C37-AAF6-EB7FD277B0FA}.Debug|x64.Build.0 = Debug|Any CPU
		{9E9EB39B-70C5-4C37-AAF6-EB7FD277B0FA}.Debug|x86.ActiveCfg = Debug|Any CPU
		{9E9EB39B-70C5-4C37-AAF6-EB7FD277B0FA}.Debug|x86.Build.0 = Debug|Any CPU
		{9E9EB39B-70C5-4C37-AAF6-EB7FD277B0FA}.Release|Any CPU.ActiveCfg = Release|Any CPU
		{9E9EB39B-70C5-4C37-AAF6-EB7FD277B0FA}.Release|Any CPU.Build.0 = Release|Any CPU
		{9E9EB39B-70C5-4C37-AAF6-EB7FD277B0FA}.Release|x64.ActiveCfg = Release|Any CPU
		{9E9EB39B-70C5-4C37-AAF6-EB7FD277B0FA}.Release|x64.Build.0 = Release|Any CPU
		{9E9EB39B-70C5-4C37-AAF6-EB7FD277B0FA}.Release|x86.ActiveCfg = Release|Any CPU
		{9E9EB39B-70C5-4C37-AAF6-EB7FD277B0FA}.Release|x86.Build.0 = Release|Any CPU
		{791E9C27-56EA-4E29-999A-6BE2A6103F9F}.Debug|Any CPU.ActiveCfg = Debug|Any CPU
		{791E9C27-56EA-4E29-999A-6BE2A6103F9F}.Debug|Any CPU.Build.0 = Debug|Any CPU
		{791E9C27-56EA-4E29-999A-6BE2A6103F9F}.Debug|x64.ActiveCfg = Debug|Any CPU
		{791E9C27-56EA-4E29-999A-6BE2A6103F9F}.Debug|x64.Build.0 = Debug|Any CPU
		{791E9C27-56EA-4E29-999A-6BE2A6103F9F}.Debug|x86.ActiveCfg = Debug|Any CPU
		{791E9C27-56EA-4E29-999A-6BE2A6103F9F}.Debug|x86.Build.0 = Debug|Any CPU
		{791E9C27-56EA-4E29-999A-6BE2A6103F9F}.Release|Any CPU.ActiveCfg = Release|Any CPU
		{791E9C27-56EA-4E29-999A-6BE2A6103F9F}.Release|Any CPU.Build.0 = Release|Any CPU
		{791E9C27-56EA-4E29-999A-6BE2A6103F9F}.Release|x64.ActiveCfg = Release|Any CPU
		{791E9C27-56EA-4E29-999A-6BE2A6103F9F}.Release|x64.Build.0 = Release|Any CPU
		{791E9C27-56EA-4E29-999A-6BE2A6103F9F}.Release|x86.ActiveCfg = Release|Any CPU
		{791E9C27-56EA-4E29-999A-6BE2A6103F9F}.Release|x86.Build.0 = Release|Any CPU
		{43E90607-F736-451C-91BC-7AB83D03C813}.Debug|Any CPU.ActiveCfg = Debug|Any CPU
		{43E90607-F736-451C-91BC-7AB83D03C813}.Debug|Any CPU.Build.0 = Debug|Any CPU
		{43E90607-F736-451C-91BC-7AB83D03C813}.Debug|x64.ActiveCfg = Debug|Any CPU
		{43E90607-F736-451C-91BC-7AB83D03C813}.Debug|x64.Build.0 = Debug|Any CPU
		{43E90607-F736-451C-91BC-7AB83D03C813}.Debug|x86.ActiveCfg = Debug|Any CPU
		{43E90607-F736-451C-91BC-7AB83D03C813}.Debug|x86.Build.0 = Debug|Any CPU
		{43E90607-F736-451C-91BC-7AB83D03C813}.Release|Any CPU.ActiveCfg = Release|Any CPU
		{43E90607-F736-451C-91BC-7AB83D03C813}.Release|Any CPU.Build.0 = Release|Any CPU
		{43E90607-F736-451C-91BC-7AB83D03C813}.Release|x64.ActiveCfg = Release|Any CPU
		{43E90607-F736-451C-91BC-7AB83D03C813}.Release|x64.Build.0 = Release|Any CPU
		{43E90607-F736-451C-91BC-7AB83D03C813}.Release|x86.ActiveCfg = Release|Any CPU
		{43E90607-F736-451C-91BC-7AB83D03C813}.Release|x86.Build.0 = Release|Any CPU
		{3505457F-D637-4846-9136-F8B1E0298708}.Debug|Any CPU.ActiveCfg = Debug|Any CPU
		{3505457F-D637-4846-9136-F8B1E0298708}.Debug|Any CPU.Build.0 = Debug|Any CPU
		{3505457F-D637-4846-9136-F8B1E0298708}.Debug|x64.ActiveCfg = Debug|Any CPU
		{3505457F-D637-4846-9136-F8B1E0298708}.Debug|x64.Build.0 = Debug|Any CPU
		{3505457F-D637-4846-9136-F8B1E0298708}.Debug|x86.ActiveCfg = Debug|Any CPU
		{3505457F-D637-4846-9136-F8B1E0298708}.Debug|x86.Build.0 = Debug|Any CPU
		{3505457F-D637-4846-9136-F8B1E0298708}.Release|Any CPU.ActiveCfg = Release|Any CPU
		{3505457F-D637-4846-9136-F8B1E0298708}.Release|Any CPU.Build.0 = Release|Any CPU
		{3505457F-D637-4846-9136-F8B1E0298708}.Release|x64.ActiveCfg = Release|Any CPU
		{3505457F-D637-4846-9136-F8B1E0298708}.Release|x64.Build.0 = Release|Any CPU
		{3505457F-D637-4846-9136-F8B1E0298708}.Release|x86.ActiveCfg = Release|Any CPU
		{3505457F-D637-4846-9136-F8B1E0298708}.Release|x86.Build.0 = Release|Any CPU
		{30FFC282-E925-4960-BCB2-90645C1FB641}.Debug|Any CPU.ActiveCfg = Debug|Any CPU
		{30FFC282-E925-4960-BCB2-90645C1FB641}.Debug|Any CPU.Build.0 = Debug|Any CPU
		{30FFC282-E925-4960-BCB2-90645C1FB641}.Debug|x64.ActiveCfg = Debug|Any CPU
		{30FFC282-E925-4960-BCB2-90645C1FB641}.Debug|x64.Build.0 = Debug|Any CPU
		{30FFC282-E925-4960-BCB2-90645C1FB641}.Debug|x86.ActiveCfg = Debug|Any CPU
		{30FFC282-E925-4960-BCB2-90645C1FB641}.Debug|x86.Build.0 = Debug|Any CPU
		{30FFC282-E925-4960-BCB2-90645C1FB641}.Release|Any CPU.ActiveCfg = Release|Any CPU
		{30FFC282-E925-4960-BCB2-90645C1FB641}.Release|Any CPU.Build.0 = Release|Any CPU
		{30FFC282-E925-4960-BCB2-90645C1FB641}.Release|x64.ActiveCfg = Release|Any CPU
		{30FFC282-E925-4960-BCB2-90645C1FB641}.Release|x64.Build.0 = Release|Any CPU
		{30FFC282-E925-4960-BCB2-90645C1FB641}.Release|x86.ActiveCfg = Release|Any CPU
		{30FFC282-E925-4960-BCB2-90645C1FB641}.Release|x86.Build.0 = Release|Any CPU
		{D2012635-CE7C-4048-A036-63DDFC7B7FE8}.Debug|Any CPU.ActiveCfg = Debug|Any CPU
		{D2012635-CE7C-4048-A036-63DDFC7B7FE8}.Debug|Any CPU.Build.0 = Debug|Any CPU
		{D2012635-CE7C-4048-A036-63DDFC7B7FE8}.Debug|x64.ActiveCfg = Debug|Any CPU
		{D2012635-CE7C-4048-A036-63DDFC7B7FE8}.Debug|x64.Build.0 = Debug|Any CPU
		{D2012635-CE7C-4048-A036-63DDFC7B7FE8}.Debug|x86.ActiveCfg = Debug|Any CPU
		{D2012635-CE7C-4048-A036-63DDFC7B7FE8}.Debug|x86.Build.0 = Debug|Any CPU
		{D2012635-CE7C-4048-A036-63DDFC7B7FE8}.Release|Any CPU.ActiveCfg = Release|Any CPU
		{D2012635-CE7C-4048-A036-63DDFC7B7FE8}.Release|Any CPU.Build.0 = Release|Any CPU
		{D2012635-CE7C-4048-A036-63DDFC7B7FE8}.Release|x64.ActiveCfg = Release|Any CPU
		{D2012635-CE7C-4048-A036-63DDFC7B7FE8}.Release|x64.Build.0 = Release|Any CPU
		{D2012635-CE7C-4048-A036-63DDFC7B7FE8}.Release|x86.ActiveCfg = Release|Any CPU
		{D2012635-CE7C-4048-A036-63DDFC7B7FE8}.Release|x86.Build.0 = Release|Any CPU
		{E6D32EEE-3A4D-4A8C-86E0-D9A5FE9A1AB4}.Debug|Any CPU.ActiveCfg = Debug|Any CPU
		{E6D32EEE-3A4D-4A8C-86E0-D9A5FE9A1AB4}.Debug|Any CPU.Build.0 = Debug|Any CPU
		{E6D32EEE-3A4D-4A8C-86E0-D9A5FE9A1AB4}.Debug|x64.ActiveCfg = Debug|Any CPU
		{E6D32EEE-3A4D-4A8C-86E0-D9A5FE9A1AB4}.Debug|x64.Build.0 = Debug|Any CPU
		{E6D32EEE-3A4D-4A8C-86E0-D9A5FE9A1AB4}.Debug|x86.ActiveCfg = Debug|Any CPU
		{E6D32EEE-3A4D-4A8C-86E0-D9A5FE9A1AB4}.Debug|x86.Build.0 = Debug|Any CPU
		{E6D32EEE-3A4D-4A8C-86E0-D9A5FE9A1AB4}.Release|Any CPU.ActiveCfg = Release|Any CPU
		{E6D32EEE-3A4D-4A8C-86E0-D9A5FE9A1AB4}.Release|Any CPU.Build.0 = Release|Any CPU
		{E6D32EEE-3A4D-4A8C-86E0-D9A5FE9A1AB4}.Release|x64.ActiveCfg = Release|Any CPU
		{E6D32EEE-3A4D-4A8C-86E0-D9A5FE9A1AB4}.Release|x64.Build.0 = Release|Any CPU
		{E6D32EEE-3A4D-4A8C-86E0-D9A5FE9A1AB4}.Release|x86.ActiveCfg = Release|Any CPU
		{E6D32EEE-3A4D-4A8C-86E0-D9A5FE9A1AB4}.Release|x86.Build.0 = Release|Any CPU
	EndGlobalSection
	GlobalSection(SolutionProperties) = preSolution
		HideSolutionNode = FALSE
	EndGlobalSection
	GlobalSection(ExtensibilityGlobals) = postSolution
		SolutionGuid = {33B60B6C-86C6-452A-805B-E1C27C5A634A}
	EndGlobalSection
EndGlobal
